
Microsoft Visual Studio Solution File, Format Version 12.00
# Visual Studio 15
VisualStudioVersion = 15.0.26124.0
MinimumVisualStudioVersion = 15.0.26124.0
Project("{FAE04EC0-301F-11D3-BF4B-00C04F79EFBC}") = "Penguin.Cms.InternalMessaging.Repositories.Local", "Penguin.Cms.InternalMessaging.Repositories.Local.csproj", "{641A26D4-DDA7-41BF-9D7A-32F91AF1387E}"
EndProject
Project("{FAE04EC0-301F-11D3-BF4B-00C04F79EFBC}") = "Penguin.Cms.Email.Abstractions.Local", "..\Penguin.Cms.Email.Abstractions\Penguin.Cms.Email.Abstractions.Local.csproj", "{9446D69A-EDAD-4A2F-B878-FBD5D279D909}"
EndProject
Project("{FAE04EC0-301F-11D3-BF4B-00C04F79EFBC}") = "Penguin.Email.Abstractions.Local", "..\Penguin.Email.Abstractions\Penguin.Email.Abstractions.Local.csproj", "{BD44135B-26EB-48FE-985C-C79A5F6222C7}"
EndProject
Project("{FAE04EC0-301F-11D3-BF4B-00C04F79EFBC}") = "Penguin.Files.Abstractions.Local", "..\Penguin.Files.Abstractions\Penguin.Files.Abstractions.Local.csproj", "{B8E74018-C136-4920-983A-BE7534AF6BD3}"
EndProject
Project("{FAE04EC0-301F-11D3-BF4B-00C04F79EFBC}") = "Penguin.Cms.InternalMessaging.Local", "..\Penguin.Cms.InternalMessaging\Penguin.Cms.InternalMessaging.Local.csproj", "{78193CF8-C0B8-4E06-8CDE-FA02C2B33A12}"
EndProject
Project("{FAE04EC0-301F-11D3-BF4B-00C04F79EFBC}") = "Penguin.Cms.Entities.Local", "..\Penguin.Cms.Entities\Penguin.Cms.Entities.Local.csproj", "{FCC15FBB-B752-4BF9-9F01-F1584E3314EE}"
EndProject
Project("{FAE04EC0-301F-11D3-BF4B-00C04F79EFBC}") = "Penguin.Persistence.Abstractions.Local", "..\Penguin.Persistence.Abstractions\Penguin.Persistence.Abstractions.Local.csproj", "{622C57D2-65AE-479A-AAC8-99BA9662C62F}"
EndProject
Project("{FAE04EC0-301F-11D3-BF4B-00C04F79EFBC}") = "Penguin.Entities.Abstractions.Local", "..\Penguin.Entities.Abstractions\Penguin.Entities.Abstractions.Local.csproj", "{86A25091-1822-426C-98FE-5FE0E3A5D7FE}"
EndProject
Project("{FAE04EC0-301F-11D3-BF4B-00C04F79EFBC}") = "Penguin.Reflection.Extensions.Local", "..\Penguin.Reflection.Extensions\Penguin.Reflection.Extensions.Local.csproj", "{7B22BF47-DCA0-497F-AB84-0C137B61338F}"
EndProject
Project("{FAE04EC0-301F-11D3-BF4B-00C04F79EFBC}") = "Penguin.Extensions.String.Local", "..\Penguin.Extensions.String\Penguin.Extensions.String.Local.csproj", "{A787F64B-8A56-4560-9B6A-E39B23FFFF00}"
EndProject
Project("{FAE04EC0-301F-11D3-BF4B-00C04F79EFBC}") = "Penguin.Reflection.Abstractions.Local", "..\Penguin.Reflection.Abstractions\Penguin.Reflection.Abstractions.Local.csproj", "{EFE540C4-1148-447B-8043-C66DAAD8BF11}"
EndProject
Project("{FAE04EC0-301F-11D3-BF4B-00C04F79EFBC}") = "Penguin.Shared.Objects.Local", "..\Penguin.Shared.Objects\Penguin.Shared.Objects.Local.csproj", "{4CF2EA7D-1A3D-43C2-9ED4-25436E4BEEF5}"
EndProject
Project("{FAE04EC0-301F-11D3-BF4B-00C04F79EFBC}") = "Penguin.Cms.Security.Local", "..\Penguin.Cms.Security\Penguin.Cms.Security.Local.csproj", "{52FD41C3-7D86-44CF-A658-CBFF8E5A8708}"
EndProject
Project("{FAE04EC0-301F-11D3-BF4B-00C04F79EFBC}") = "Penguin.Auditing.Abstractions.Local", "..\Penguin.Auditing.Abstractions\Penguin.Auditing.Abstractions.Local.csproj", "{5DC468FF-6F41-4F25-95F7-D8C3F58DFB1A}"
EndProject
Project("{FAE04EC0-301F-11D3-BF4B-00C04F79EFBC}") = "Penguin.Cms.Abstractions.Local", "..\Penguin.Cms.Abstractions\Penguin.Cms.Abstractions.Local.csproj", "{1950C832-E307-43E4-9046-D1C3C2C41B1C}"
EndProject
Project("{FAE04EC0-301F-11D3-BF4B-00C04F79EFBC}") = "Penguin.DependencyInjection.Abstractions.Local", "..\Penguin.DependencyInjection.Abstractions\Penguin.DependencyInjection.Abstractions.Local.csproj", "{B6EF6D6B-4FCB-41B0-B4B3-7F69AF305B28}"
EndProject
Project("{FAE04EC0-301F-11D3-BF4B-00C04F79EFBC}") = "Penguin.Email.Templating.Abstractions.Local", "..\Penguin.Email.Templating.Abstractions\Penguin.Email.Templating.Abstractions.Local.csproj", "{A35F762F-4C27-46BC-861D-1592839B8A0E}"
EndProject
Project("{FAE04EC0-301F-11D3-BF4B-00C04F79EFBC}") = "Penguin.Templating.Abstractions.Local", "..\Penguin.Templating.Abstractions\Penguin.Templating.Abstractions.Local.csproj", "{3B1A0872-6EEA-4277-9B6E-9E5CFC07DEDF}"
EndProject
Project("{FAE04EC0-301F-11D3-BF4B-00C04F79EFBC}") = "Penguin.Security.Abstractions.Local", "..\Penguin.Security.Abstractions\Penguin.Security.Abstractions.Local.csproj", "{4C44A283-B7F3-4128-8290-BECD88E1A768}"
EndProject
Project("{FAE04EC0-301F-11D3-BF4B-00C04F79EFBC}") = "Penguin.Cms.Security.Repositories.Local", "..\Penguin.Cms.Security.Repositories\Penguin.Cms.Security.Repositories.Local.csproj", "{411E47C2-36E0-4711-8A73-1BCD5A33A8F6}"
EndProject
Project("{FAE04EC0-301F-11D3-BF4B-00C04F79EFBC}") = "Penguin.Cms.Repositories.Local", "..\Penguin.Cms.Repositories\Penguin.Cms.Repositories.Local.csproj", "{354803B7-14D0-4018-8EDE-61422A745FE7}"
EndProject
Project("{FAE04EC0-301F-11D3-BF4B-00C04F79EFBC}") = "Penguin.Messaging.Core.Local", "..\Penguin.Messaging.Core\Penguin.Messaging.Core.Local.csproj", "{AD0DD4E3-1563-4706-88CE-A16DED633417}"
EndProject
Project("{FAE04EC0-301F-11D3-BF4B-00C04F79EFBC}") = "Penguin.Debugging.Local", "..\Penguin.Debugging\Penguin.Debugging.Local.csproj", "{CFD5FD95-09D1-4EB3-AFB6-A677A861AF65}"
EndProject
Project("{FAE04EC0-301F-11D3-BF4B-00C04F79EFBC}") = "Penguin.Extensions.Exceptions.Local", "..\Penguin.Extensions.Exceptions\Penguin.Extensions.Exceptions.Local.csproj", "{DC5FA571-9096-4953-827F-1837C54AEB45}"
EndProject
Project("{FAE04EC0-301F-11D3-BF4B-00C04F79EFBC}") = "Penguin.Messaging.Abstractions.Local", "..\Penguin.Messaging.Abstractions\Penguin.Messaging.Abstractions.Local.csproj", "{02A23425-F526-42A6-9EED-90AD485F7135}"
EndProject
Project("{FAE04EC0-301F-11D3-BF4B-00C04F79EFBC}") = "Penguin.Persistence.Repositories.Local", "..\Penguin.Persistence.Repositories\Penguin.Persistence.Repositories.Local.csproj", "{D24FA1D0-8E70-4BB3-84FE-30F443833B65}"
EndProject
Project("{FAE04EC0-301F-11D3-BF4B-00C04F79EFBC}") = "Penguin.Messaging.Persistence.Local", "..\Penguin.Messaging.Persistence\Penguin.Messaging.Persistence.Local.csproj", "{A67E40C4-DCA0-4968-AA1C-CB5B044CA4DC}"
EndProject
Project("{FAE04EC0-301F-11D3-BF4B-00C04F79EFBC}") = "Penguin.Reflection.Local", "..\Penguin.Reflection\Penguin.Reflection.Local.csproj", "{1D3097DD-C8AA-4390-B14C-B2F7D3FE1AA1}"
EndProject
Project("{FAE04EC0-301F-11D3-BF4B-00C04F79EFBC}") = "Penguin.Extensions.Collections.Local", "..\Penguin.Extensions.Collections\Penguin.Extensions.Collections.Local.csproj", "{669B6634-A018-4D3A-9281-2B552D8A631D}"
EndProject
Global
	GlobalSection(SolutionConfigurationPlatforms) = preSolution
		Debug|Any CPU = Debug|Any CPU
		Debug|x64 = Debug|x64
		Debug|x86 = Debug|x86
		Release|Any CPU = Release|Any CPU
		Release|x64 = Release|x64
		Release|x86 = Release|x86
	EndGlobalSection
	GlobalSection(SolutionProperties) = preSolution
		HideSolutionNode = FALSE
	EndGlobalSection
	GlobalSection(ProjectConfigurationPlatforms) = postSolution
		{641A26D4-DDA7-41BF-9D7A-32F91AF1387E}.Debug|Any CPU.ActiveCfg = Debug|Any CPU
		{641A26D4-DDA7-41BF-9D7A-32F91AF1387E}.Debug|Any CPU.Build.0 = Debug|Any CPU
		{641A26D4-DDA7-41BF-9D7A-32F91AF1387E}.Debug|x64.ActiveCfg = Debug|Any CPU
		{641A26D4-DDA7-41BF-9D7A-32F91AF1387E}.Debug|x64.Build.0 = Debug|Any CPU
		{641A26D4-DDA7-41BF-9D7A-32F91AF1387E}.Debug|x86.ActiveCfg = Debug|Any CPU
		{641A26D4-DDA7-41BF-9D7A-32F91AF1387E}.Debug|x86.Build.0 = Debug|Any CPU
		{641A26D4-DDA7-41BF-9D7A-32F91AF1387E}.Release|Any CPU.ActiveCfg = Release|Any CPU
		{641A26D4-DDA7-41BF-9D7A-32F91AF1387E}.Release|Any CPU.Build.0 = Release|Any CPU
		{641A26D4-DDA7-41BF-9D7A-32F91AF1387E}.Release|x64.ActiveCfg = Release|Any CPU
		{641A26D4-DDA7-41BF-9D7A-32F91AF1387E}.Release|x64.Build.0 = Release|Any CPU
		{641A26D4-DDA7-41BF-9D7A-32F91AF1387E}.Release|x86.ActiveCfg = Release|Any CPU
		{641A26D4-DDA7-41BF-9D7A-32F91AF1387E}.Release|x86.Build.0 = Release|Any CPU
		{9446D69A-EDAD-4A2F-B878-FBD5D279D909}.Debug|Any CPU.ActiveCfg = Debug|Any CPU
		{9446D69A-EDAD-4A2F-B878-FBD5D279D909}.Debug|Any CPU.Build.0 = Debug|Any CPU
		{9446D69A-EDAD-4A2F-B878-FBD5D279D909}.Debug|x64.ActiveCfg = Debug|Any CPU
		{9446D69A-EDAD-4A2F-B878-FBD5D279D909}.Debug|x64.Build.0 = Debug|Any CPU
		{9446D69A-EDAD-4A2F-B878-FBD5D279D909}.Debug|x86.ActiveCfg = Debug|Any CPU
		{9446D69A-EDAD-4A2F-B878-FBD5D279D909}.Debug|x86.Build.0 = Debug|Any CPU
		{9446D69A-EDAD-4A2F-B878-FBD5D279D909}.Release|Any CPU.ActiveCfg = Release|Any CPU
		{9446D69A-EDAD-4A2F-B878-FBD5D279D909}.Release|Any CPU.Build.0 = Release|Any CPU
		{9446D69A-EDAD-4A2F-B878-FBD5D279D909}.Release|x64.ActiveCfg = Release|Any CPU
		{9446D69A-EDAD-4A2F-B878-FBD5D279D909}.Release|x64.Build.0 = Release|Any CPU
		{9446D69A-EDAD-4A2F-B878-FBD5D279D909}.Release|x86.ActiveCfg = Release|Any CPU
		{9446D69A-EDAD-4A2F-B878-FBD5D279D909}.Release|x86.Build.0 = Release|Any CPU
		{BD44135B-26EB-48FE-985C-C79A5F6222C7}.Debug|Any CPU.ActiveCfg = Debug|Any CPU
		{BD44135B-26EB-48FE-985C-C79A5F6222C7}.Debug|Any CPU.Build.0 = Debug|Any CPU
		{BD44135B-26EB-48FE-985C-C79A5F6222C7}.Debug|x64.ActiveCfg = Debug|Any CPU
		{BD44135B-26EB-48FE-985C-C79A5F6222C7}.Debug|x64.Build.0 = Debug|Any CPU
		{BD44135B-26EB-48FE-985C-C79A5F6222C7}.Debug|x86.ActiveCfg = Debug|Any CPU
		{BD44135B-26EB-48FE-985C-C79A5F6222C7}.Debug|x86.Build.0 = Debug|Any CPU
		{BD44135B-26EB-48FE-985C-C79A5F6222C7}.Release|Any CPU.ActiveCfg = Release|Any CPU
		{BD44135B-26EB-48FE-985C-C79A5F6222C7}.Release|Any CPU.Build.0 = Release|Any CPU
		{BD44135B-26EB-48FE-985C-C79A5F6222C7}.Release|x64.ActiveCfg = Release|Any CPU
		{BD44135B-26EB-48FE-985C-C79A5F6222C7}.Release|x64.Build.0 = Release|Any CPU
		{BD44135B-26EB-48FE-985C-C79A5F6222C7}.Release|x86.ActiveCfg = Release|Any CPU
		{BD44135B-26EB-48FE-985C-C79A5F6222C7}.Release|x86.Build.0 = Release|Any CPU
		{B8E74018-C136-4920-983A-BE7534AF6BD3}.Debug|Any CPU.ActiveCfg = Debug|Any CPU
		{B8E74018-C136-4920-983A-BE7534AF6BD3}.Debug|Any CPU.Build.0 = Debug|Any CPU
		{B8E74018-C136-4920-983A-BE7534AF6BD3}.Debug|x64.ActiveCfg = Debug|Any CPU
		{B8E74018-C136-4920-983A-BE7534AF6BD3}.Debug|x64.Build.0 = Debug|Any CPU
		{B8E74018-C136-4920-983A-BE7534AF6BD3}.Debug|x86.ActiveCfg = Debug|Any CPU
		{B8E74018-C136-4920-983A-BE7534AF6BD3}.Debug|x86.Build.0 = Debug|Any CPU
		{B8E74018-C136-4920-983A-BE7534AF6BD3}.Release|Any CPU.ActiveCfg = Release|Any CPU
		{B8E74018-C136-4920-983A-BE7534AF6BD3}.Release|Any CPU.Build.0 = Release|Any CPU
		{B8E74018-C136-4920-983A-BE7534AF6BD3}.Release|x64.ActiveCfg = Release|Any CPU
		{B8E74018-C136-4920-983A-BE7534AF6BD3}.Release|x64.Build.0 = Release|Any CPU
		{B8E74018-C136-4920-983A-BE7534AF6BD3}.Release|x86.ActiveCfg = Release|Any CPU
		{B8E74018-C136-4920-983A-BE7534AF6BD3}.Release|x86.Build.0 = Release|Any CPU
		{78193CF8-C0B8-4E06-8CDE-FA02C2B33A12}.Debug|Any CPU.ActiveCfg = Debug|Any CPU
		{78193CF8-C0B8-4E06-8CDE-FA02C2B33A12}.Debug|Any CPU.Build.0 = Debug|Any CPU
		{78193CF8-C0B8-4E06-8CDE-FA02C2B33A12}.Debug|x64.ActiveCfg = Debug|Any CPU
		{78193CF8-C0B8-4E06-8CDE-FA02C2B33A12}.Debug|x64.Build.0 = Debug|Any CPU
		{78193CF8-C0B8-4E06-8CDE-FA02C2B33A12}.Debug|x86.ActiveCfg = Debug|Any CPU
		{78193CF8-C0B8-4E06-8CDE-FA02C2B33A12}.Debug|x86.Build.0 = Debug|Any CPU
		{78193CF8-C0B8-4E06-8CDE-FA02C2B33A12}.Release|Any CPU.ActiveCfg = Release|Any CPU
		{78193CF8-C0B8-4E06-8CDE-FA02C2B33A12}.Release|Any CPU.Build.0 = Release|Any CPU
		{78193CF8-C0B8-4E06-8CDE-FA02C2B33A12}.Release|x64.ActiveCfg = Release|Any CPU
		{78193CF8-C0B8-4E06-8CDE-FA02C2B33A12}.Release|x64.Build.0 = Release|Any CPU
		{78193CF8-C0B8-4E06-8CDE-FA02C2B33A12}.Release|x86.ActiveCfg = Release|Any CPU
		{78193CF8-C0B8-4E06-8CDE-FA02C2B33A12}.Release|x86.Build.0 = Release|Any CPU
		{FCC15FBB-B752-4BF9-9F01-F1584E3314EE}.Debug|Any CPU.ActiveCfg = Debug|Any CPU
		{FCC15FBB-B752-4BF9-9F01-F1584E3314EE}.Debug|Any CPU.Build.0 = Debug|Any CPU
		{FCC15FBB-B752-4BF9-9F01-F1584E3314EE}.Debug|x64.ActiveCfg = Debug|Any CPU
		{FCC15FBB-B752-4BF9-9F01-F1584E3314EE}.Debug|x64.Build.0 = Debug|Any CPU
		{FCC15FBB-B752-4BF9-9F01-F1584E3314EE}.Debug|x86.ActiveCfg = Debug|Any CPU
		{FCC15FBB-B752-4BF9-9F01-F1584E3314EE}.Debug|x86.Build.0 = Debug|Any CPU
		{FCC15FBB-B752-4BF9-9F01-F1584E3314EE}.Release|Any CPU.ActiveCfg = Release|Any CPU
		{FCC15FBB-B752-4BF9-9F01-F1584E3314EE}.Release|Any CPU.Build.0 = Release|Any CPU
		{FCC15FBB-B752-4BF9-9F01-F1584E3314EE}.Release|x64.ActiveCfg = Release|Any CPU
		{FCC15FBB-B752-4BF9-9F01-F1584E3314EE}.Release|x64.Build.0 = Release|Any CPU
		{FCC15FBB-B752-4BF9-9F01-F1584E3314EE}.Release|x86.ActiveCfg = Release|Any CPU
		{FCC15FBB-B752-4BF9-9F01-F1584E3314EE}.Release|x86.Build.0 = Release|Any CPU
		{622C57D2-65AE-479A-AAC8-99BA9662C62F}.Debug|Any CPU.ActiveCfg = Debug|Any CPU
		{622C57D2-65AE-479A-AAC8-99BA9662C62F}.Debug|Any CPU.Build.0 = Debug|Any CPU
		{622C57D2-65AE-479A-AAC8-99BA9662C62F}.Debug|x64.ActiveCfg = Debug|Any CPU
		{622C57D2-65AE-479A-AAC8-99BA9662C62F}.Debug|x64.Build.0 = Debug|Any CPU
		{622C57D2-65AE-479A-AAC8-99BA9662C62F}.Debug|x86.ActiveCfg = Debug|Any CPU
		{622C57D2-65AE-479A-AAC8-99BA9662C62F}.Debug|x86.Build.0 = Debug|Any CPU
		{622C57D2-65AE-479A-AAC8-99BA9662C62F}.Release|Any CPU.ActiveCfg = Release|Any CPU
		{622C57D2-65AE-479A-AAC8-99BA9662C62F}.Release|Any CPU.Build.0 = Release|Any CPU
		{622C57D2-65AE-479A-AAC8-99BA9662C62F}.Release|x64.ActiveCfg = Release|Any CPU
		{622C57D2-65AE-479A-AAC8-99BA9662C62F}.Release|x64.Build.0 = Release|Any CPU
		{622C57D2-65AE-479A-AAC8-99BA9662C62F}.Release|x86.ActiveCfg = Release|Any CPU
		{622C57D2-65AE-479A-AAC8-99BA9662C62F}.Release|x86.Build.0 = Release|Any CPU
		{86A25091-1822-426C-98FE-5FE0E3A5D7FE}.Debug|Any CPU.ActiveCfg = Debug|Any CPU
		{86A25091-1822-426C-98FE-5FE0E3A5D7FE}.Debug|Any CPU.Build.0 = Debug|Any CPU
		{86A25091-1822-426C-98FE-5FE0E3A5D7FE}.Debug|x64.ActiveCfg = Debug|Any CPU
		{86A25091-1822-426C-98FE-5FE0E3A5D7FE}.Debug|x64.Build.0 = Debug|Any CPU
		{86A25091-1822-426C-98FE-5FE0E3A5D7FE}.Debug|x86.ActiveCfg = Debug|Any CPU
		{86A25091-1822-426C-98FE-5FE0E3A5D7FE}.Debug|x86.Build.0 = Debug|Any CPU
		{86A25091-1822-426C-98FE-5FE0E3A5D7FE}.Release|Any CPU.ActiveCfg = Release|Any CPU
		{86A25091-1822-426C-98FE-5FE0E3A5D7FE}.Release|Any CPU.Build.0 = Release|Any CPU
		{86A25091-1822-426C-98FE-5FE0E3A5D7FE}.Release|x64.ActiveCfg = Release|Any CPU
		{86A25091-1822-426C-98FE-5FE0E3A5D7FE}.Release|x64.Build.0 = Release|Any CPU
		{86A25091-1822-426C-98FE-5FE0E3A5D7FE}.Release|x86.ActiveCfg = Release|Any CPU
		{86A25091-1822-426C-98FE-5FE0E3A5D7FE}.Release|x86.Build.0 = Release|Any CPU
		{7B22BF47-DCA0-497F-AB84-0C137B61338F}.Debug|Any CPU.ActiveCfg = Debug|Any CPU
		{7B22BF47-DCA0-497F-AB84-0C137B61338F}.Debug|Any CPU.Build.0 = Debug|Any CPU
		{7B22BF47-DCA0-497F-AB84-0C137B61338F}.Debug|x64.ActiveCfg = Debug|Any CPU
		{7B22BF47-DCA0-497F-AB84-0C137B61338F}.Debug|x64.Build.0 = Debug|Any CPU
		{7B22BF47-DCA0-497F-AB84-0C137B61338F}.Debug|x86.ActiveCfg = Debug|Any CPU
		{7B22BF47-DCA0-497F-AB84-0C137B61338F}.Debug|x86.Build.0 = Debug|Any CPU
		{7B22BF47-DCA0-497F-AB84-0C137B61338F}.Release|Any CPU.ActiveCfg = Release|Any CPU
		{7B22BF47-DCA0-497F-AB84-0C137B61338F}.Release|Any CPU.Build.0 = Release|Any CPU
		{7B22BF47-DCA0-497F-AB84-0C137B61338F}.Release|x64.ActiveCfg = Release|Any CPU
		{7B22BF47-DCA0-497F-AB84-0C137B61338F}.Release|x64.Build.0 = Release|Any CPU
		{7B22BF47-DCA0-497F-AB84-0C137B61338F}.Release|x86.ActiveCfg = Release|Any CPU
		{7B22BF47-DCA0-497F-AB84-0C137B61338F}.Release|x86.Build.0 = Release|Any CPU
		{A787F64B-8A56-4560-9B6A-E39B23FFFF00}.Debug|Any CPU.ActiveCfg = Debug|Any CPU
		{A787F64B-8A56-4560-9B6A-E39B23FFFF00}.Debug|Any CPU.Build.0 = Debug|Any CPU
		{A787F64B-8A56-4560-9B6A-E39B23FFFF00}.Debug|x64.ActiveCfg = Debug|Any CPU
		{A787F64B-8A56-4560-9B6A-E39B23FFFF00}.Debug|x64.Build.0 = Debug|Any CPU
		{A787F64B-8A56-4560-9B6A-E39B23FFFF00}.Debug|x86.ActiveCfg = Debug|Any CPU
		{A787F64B-8A56-4560-9B6A-E39B23FFFF00}.Debug|x86.Build.0 = Debug|Any CPU
		{A787F64B-8A56-4560-9B6A-E39B23FFFF00}.Release|Any CPU.ActiveCfg = Release|Any CPU
		{A787F64B-8A56-4560-9B6A-E39B23FFFF00}.Release|Any CPU.Build.0 = Release|Any CPU
		{A787F64B-8A56-4560-9B6A-E39B23FFFF00}.Release|x64.ActiveCfg = Release|Any CPU
		{A787F64B-8A56-4560-9B6A-E39B23FFFF00}.Release|x64.Build.0 = Release|Any CPU
		{A787F64B-8A56-4560-9B6A-E39B23FFFF00}.Release|x86.ActiveCfg = Release|Any CPU
		{A787F64B-8A56-4560-9B6A-E39B23FFFF00}.Release|x86.Build.0 = Release|Any CPU
		{EFE540C4-1148-447B-8043-C66DAAD8BF11}.Debug|Any CPU.ActiveCfg = Debug|Any CPU
		{EFE540C4-1148-447B-8043-C66DAAD8BF11}.Debug|Any CPU.Build.0 = Debug|Any CPU
		{EFE540C4-1148-447B-8043-C66DAAD8BF11}.Debug|x64.ActiveCfg = Debug|Any CPU
		{EFE540C4-1148-447B-8043-C66DAAD8BF11}.Debug|x64.Build.0 = Debug|Any CPU
		{EFE540C4-1148-447B-8043-C66DAAD8BF11}.Debug|x86.ActiveCfg = Debug|Any CPU
		{EFE540C4-1148-447B-8043-C66DAAD8BF11}.Debug|x86.Build.0 = Debug|Any CPU
		{EFE540C4-1148-447B-8043-C66DAAD8BF11}.Release|Any CPU.ActiveCfg = Release|Any CPU
		{EFE540C4-1148-447B-8043-C66DAAD8BF11}.Release|Any CPU.Build.0 = Release|Any CPU
		{EFE540C4-1148-447B-8043-C66DAAD8BF11}.Release|x64.ActiveCfg = Release|Any CPU
		{EFE540C4-1148-447B-8043-C66DAAD8BF11}.Release|x64.Build.0 = Release|Any CPU
		{EFE540C4-1148-447B-8043-C66DAAD8BF11}.Release|x86.ActiveCfg = Release|Any CPU
		{EFE540C4-1148-447B-8043-C66DAAD8BF11}.Release|x86.Build.0 = Release|Any CPU
		{4CF2EA7D-1A3D-43C2-9ED4-25436E4BEEF5}.Debug|Any CPU.ActiveCfg = Debug|Any CPU
		{4CF2EA7D-1A3D-43C2-9ED4-25436E4BEEF5}.Debug|Any CPU.Build.0 = Debug|Any CPU
		{4CF2EA7D-1A3D-43C2-9ED4-25436E4BEEF5}.Debug|x64.ActiveCfg = Debug|Any CPU
		{4CF2EA7D-1A3D-43C2-9ED4-25436E4BEEF5}.Debug|x64.Build.0 = Debug|Any CPU
		{4CF2EA7D-1A3D-43C2-9ED4-25436E4BEEF5}.Debug|x86.ActiveCfg = Debug|Any CPU
		{4CF2EA7D-1A3D-43C2-9ED4-25436E4BEEF5}.Debug|x86.Build.0 = Debug|Any CPU
		{4CF2EA7D-1A3D-43C2-9ED4-25436E4BEEF5}.Release|Any CPU.ActiveCfg = Release|Any CPU
		{4CF2EA7D-1A3D-43C2-9ED4-25436E4BEEF5}.Release|Any CPU.Build.0 = Release|Any CPU
		{4CF2EA7D-1A3D-43C2-9ED4-25436E4BEEF5}.Release|x64.ActiveCfg = Release|Any CPU
		{4CF2EA7D-1A3D-43C2-9ED4-25436E4BEEF5}.Release|x64.Build.0 = Release|Any CPU
		{4CF2EA7D-1A3D-43C2-9ED4-25436E4BEEF5}.Release|x86.ActiveCfg = Release|Any CPU
		{4CF2EA7D-1A3D-43C2-9ED4-25436E4BEEF5}.Release|x86.Build.0 = Release|Any CPU
		{52FD41C3-7D86-44CF-A658-CBFF8E5A8708}.Debug|Any CPU.ActiveCfg = Debug|Any CPU
		{52FD41C3-7D86-44CF-A658-CBFF8E5A8708}.Debug|Any CPU.Build.0 = Debug|Any CPU
		{52FD41C3-7D86-44CF-A658-CBFF8E5A8708}.Debug|x64.ActiveCfg = Debug|Any CPU
		{52FD41C3-7D86-44CF-A658-CBFF8E5A8708}.Debug|x64.Build.0 = Debug|Any CPU
		{52FD41C3-7D86-44CF-A658-CBFF8E5A8708}.Debug|x86.ActiveCfg = Debug|Any CPU
		{52FD41C3-7D86-44CF-A658-CBFF8E5A8708}.Debug|x86.Build.0 = Debug|Any CPU
		{52FD41C3-7D86-44CF-A658-CBFF8E5A8708}.Release|Any CPU.ActiveCfg = Release|Any CPU
		{52FD41C3-7D86-44CF-A658-CBFF8E5A8708}.Release|Any CPU.Build.0 = Release|Any CPU
		{52FD41C3-7D86-44CF-A658-CBFF8E5A8708}.Release|x64.ActiveCfg = Release|Any CPU
		{52FD41C3-7D86-44CF-A658-CBFF8E5A8708}.Release|x64.Build.0 = Release|Any CPU
		{52FD41C3-7D86-44CF-A658-CBFF8E5A8708}.Release|x86.ActiveCfg = Release|Any CPU
		{52FD41C3-7D86-44CF-A658-CBFF8E5A8708}.Release|x86.Build.0 = Release|Any CPU
		{5DC468FF-6F41-4F25-95F7-D8C3F58DFB1A}.Debug|Any CPU.ActiveCfg = Debug|Any CPU
		{5DC468FF-6F41-4F25-95F7-D8C3F58DFB1A}.Debug|Any CPU.Build.0 = Debug|Any CPU
		{5DC468FF-6F41-4F25-95F7-D8C3F58DFB1A}.Debug|x64.ActiveCfg = Debug|Any CPU
		{5DC468FF-6F41-4F25-95F7-D8C3F58DFB1A}.Debug|x64.Build.0 = Debug|Any CPU
		{5DC468FF-6F41-4F25-95F7-D8C3F58DFB1A}.Debug|x86.ActiveCfg = Debug|Any CPU
		{5DC468FF-6F41-4F25-95F7-D8C3F58DFB1A}.Debug|x86.Build.0 = Debug|Any CPU
		{5DC468FF-6F41-4F25-95F7-D8C3F58DFB1A}.Release|Any CPU.ActiveCfg = Release|Any CPU
		{5DC468FF-6F41-4F25-95F7-D8C3F58DFB1A}.Release|Any CPU.Build.0 = Release|Any CPU
		{5DC468FF-6F41-4F25-95F7-D8C3F58DFB1A}.Release|x64.ActiveCfg = Release|Any CPU
		{5DC468FF-6F41-4F25-95F7-D8C3F58DFB1A}.Release|x64.Build.0 = Release|Any CPU
		{5DC468FF-6F41-4F25-95F7-D8C3F58DFB1A}.Release|x86.ActiveCfg = Release|Any CPU
		{5DC468FF-6F41-4F25-95F7-D8C3F58DFB1A}.Release|x86.Build.0 = Release|Any CPU
		{1950C832-E307-43E4-9046-D1C3C2C41B1C}.Debug|Any CPU.ActiveCfg = Debug|Any CPU
		{1950C832-E307-43E4-9046-D1C3C2C41B1C}.Debug|Any CPU.Build.0 = Debug|Any CPU
		{1950C832-E307-43E4-9046-D1C3C2C41B1C}.Debug|x64.ActiveCfg = Debug|Any CPU
		{1950C832-E307-43E4-9046-D1C3C2C41B1C}.Debug|x64.Build.0 = Debug|Any CPU
		{1950C832-E307-43E4-9046-D1C3C2C41B1C}.Debug|x86.ActiveCfg = Debug|Any CPU
		{1950C832-E307-43E4-9046-D1C3C2C41B1C}.Debug|x86.Build.0 = Debug|Any CPU
		{1950C832-E307-43E4-9046-D1C3C2C41B1C}.Release|Any CPU.ActiveCfg = Release|Any CPU
		{1950C832-E307-43E4-9046-D1C3C2C41B1C}.Release|Any CPU.Build.0 = Release|Any CPU
		{1950C832-E307-43E4-9046-D1C3C2C41B1C}.Release|x64.ActiveCfg = Release|Any CPU
		{1950C832-E307-43E4-9046-D1C3C2C41B1C}.Release|x64.Build.0 = Release|Any CPU
		{1950C832-E307-43E4-9046-D1C3C2C41B1C}.Release|x86.ActiveCfg = Release|Any CPU
		{1950C832-E307-43E4-9046-D1C3C2C41B1C}.Release|x86.Build.0 = Release|Any CPU
		{B6EF6D6B-4FCB-41B0-B4B3-7F69AF305B28}.Debug|Any CPU.ActiveCfg = Debug|Any CPU
		{B6EF6D6B-4FCB-41B0-B4B3-7F69AF305B28}.Debug|Any CPU.Build.0 = Debug|Any CPU
		{B6EF6D6B-4FCB-41B0-B4B3-7F69AF305B28}.Debug|x64.ActiveCfg = Debug|Any CPU
		{B6EF6D6B-4FCB-41B0-B4B3-7F69AF305B28}.Debug|x64.Build.0 = Debug|Any CPU
		{B6EF6D6B-4FCB-41B0-B4B3-7F69AF305B28}.Debug|x86.ActiveCfg = Debug|Any CPU
		{B6EF6D6B-4FCB-41B0-B4B3-7F69AF305B28}.Debug|x86.Build.0 = Debug|Any CPU
		{B6EF6D6B-4FCB-41B0-B4B3-7F69AF305B28}.Release|Any CPU.ActiveCfg = Release|Any CPU
		{B6EF6D6B-4FCB-41B0-B4B3-7F69AF305B28}.Release|Any CPU.Build.0 = Release|Any CPU
		{B6EF6D6B-4FCB-41B0-B4B3-7F69AF305B28}.Release|x64.ActiveCfg = Release|Any CPU
		{B6EF6D6B-4FCB-41B0-B4B3-7F69AF305B28}.Release|x64.Build.0 = Release|Any CPU
		{B6EF6D6B-4FCB-41B0-B4B3-7F69AF305B28}.Release|x86.ActiveCfg = Release|Any CPU
		{B6EF6D6B-4FCB-41B0-B4B3-7F69AF305B28}.Release|x86.Build.0 = Release|Any CPU
		{A35F762F-4C27-46BC-861D-1592839B8A0E}.Debug|Any CPU.ActiveCfg = Debug|Any CPU
		{A35F762F-4C27-46BC-861D-1592839B8A0E}.Debug|Any CPU.Build.0 = Debug|Any CPU
		{A35F762F-4C27-46BC-861D-1592839B8A0E}.Debug|x64.ActiveCfg = Debug|Any CPU
		{A35F762F-4C27-46BC-861D-1592839B8A0E}.Debug|x64.Build.0 = Debug|Any CPU
		{A35F762F-4C27-46BC-861D-1592839B8A0E}.Debug|x86.ActiveCfg = Debug|Any CPU
		{A35F762F-4C27-46BC-861D-1592839B8A0E}.Debug|x86.Build.0 = Debug|Any CPU
		{A35F762F-4C27-46BC-861D-1592839B8A0E}.Release|Any CPU.ActiveCfg = Release|Any CPU
		{A35F762F-4C27-46BC-861D-1592839B8A0E}.Release|Any CPU.Build.0 = Release|Any CPU
		{A35F762F-4C27-46BC-861D-1592839B8A0E}.Release|x64.ActiveCfg = Release|Any CPU
		{A35F762F-4C27-46BC-861D-1592839B8A0E}.Release|x64.Build.0 = Release|Any CPU
		{A35F762F-4C27-46BC-861D-1592839B8A0E}.Release|x86.ActiveCfg = Release|Any CPU
		{A35F762F-4C27-46BC-861D-1592839B8A0E}.Release|x86.Build.0 = Release|Any CPU
		{3B1A0872-6EEA-4277-9B6E-9E5CFC07DEDF}.Debug|Any CPU.ActiveCfg = Debug|Any CPU
		{3B1A0872-6EEA-4277-9B6E-9E5CFC07DEDF}.Debug|Any CPU.Build.0 = Debug|Any CPU
		{3B1A0872-6EEA-4277-9B6E-9E5CFC07DEDF}.Debug|x64.ActiveCfg = Debug|Any CPU
		{3B1A0872-6EEA-4277-9B6E-9E5CFC07DEDF}.Debug|x64.Build.0 = Debug|Any CPU
		{3B1A0872-6EEA-4277-9B6E-9E5CFC07DEDF}.Debug|x86.ActiveCfg = Debug|Any CPU
		{3B1A0872-6EEA-4277-9B6E-9E5CFC07DEDF}.Debug|x86.Build.0 = Debug|Any CPU
		{3B1A0872-6EEA-4277-9B6E-9E5CFC07DEDF}.Release|Any CPU.ActiveCfg = Release|Any CPU
		{3B1A0872-6EEA-4277-9B6E-9E5CFC07DEDF}.Release|Any CPU.Build.0 = Release|Any CPU
		{3B1A0872-6EEA-4277-9B6E-9E5CFC07DEDF}.Release|x64.ActiveCfg = Release|Any CPU
		{3B1A0872-6EEA-4277-9B6E-9E5CFC07DEDF}.Release|x64.Build.0 = Release|Any CPU
		{3B1A0872-6EEA-4277-9B6E-9E5CFC07DEDF}.Release|x86.ActiveCfg = Release|Any CPU
		{3B1A0872-6EEA-4277-9B6E-9E5CFC07DEDF}.Release|x86.Build.0 = Release|Any CPU
		{4C44A283-B7F3-4128-8290-BECD88E1A768}.Debug|Any CPU.ActiveCfg = Debug|Any CPU
		{4C44A283-B7F3-4128-8290-BECD88E1A768}.Debug|Any CPU.Build.0 = Debug|Any CPU
		{4C44A283-B7F3-4128-8290-BECD88E1A768}.Debug|x64.ActiveCfg = Debug|Any CPU
		{4C44A283-B7F3-4128-8290-BECD88E1A768}.Debug|x64.Build.0 = Debug|Any CPU
		{4C44A283-B7F3-4128-8290-BECD88E1A768}.Debug|x86.ActiveCfg = Debug|Any CPU
		{4C44A283-B7F3-4128-8290-BECD88E1A768}.Debug|x86.Build.0 = Debug|Any CPU
		{4C44A283-B7F3-4128-8290-BECD88E1A768}.Release|Any CPU.ActiveCfg = Release|Any CPU
		{4C44A283-B7F3-4128-8290-BECD88E1A768}.Release|Any CPU.Build.0 = Release|Any CPU
		{4C44A283-B7F3-4128-8290-BECD88E1A768}.Release|x64.ActiveCfg = Release|Any CPU
		{4C44A283-B7F3-4128-8290-BECD88E1A768}.Release|x64.Build.0 = Release|Any CPU
		{4C44A283-B7F3-4128-8290-BECD88E1A768}.Release|x86.ActiveCfg = Release|Any CPU
		{4C44A283-B7F3-4128-8290-BECD88E1A768}.Release|x86.Build.0 = Release|Any CPU
		{411E47C2-36E0-4711-8A73-1BCD5A33A8F6}.Debug|Any CPU.ActiveCfg = Debug|Any CPU
		{411E47C2-36E0-4711-8A73-1BCD5A33A8F6}.Debug|Any CPU.Build.0 = Debug|Any CPU
		{411E47C2-36E0-4711-8A73-1BCD5A33A8F6}.Debug|x64.ActiveCfg = Debug|Any CPU
		{411E47C2-36E0-4711-8A73-1BCD5A33A8F6}.Debug|x64.Build.0 = Debug|Any CPU
		{411E47C2-36E0-4711-8A73-1BCD5A33A8F6}.Debug|x86.ActiveCfg = Debug|Any CPU
		{411E47C2-36E0-4711-8A73-1BCD5A33A8F6}.Debug|x86.Build.0 = Debug|Any CPU
		{411E47C2-36E0-4711-8A73-1BCD5A33A8F6}.Release|Any CPU.ActiveCfg = Release|Any CPU
		{411E47C2-36E0-4711-8A73-1BCD5A33A8F6}.Release|Any CPU.Build.0 = Release|Any CPU
		{411E47C2-36E0-4711-8A73-1BCD5A33A8F6}.Release|x64.ActiveCfg = Release|Any CPU
		{411E47C2-36E0-4711-8A73-1BCD5A33A8F6}.Release|x64.Build.0 = Release|Any CPU
		{411E47C2-36E0-4711-8A73-1BCD5A33A8F6}.Release|x86.ActiveCfg = Release|Any CPU
		{411E47C2-36E0-4711-8A73-1BCD5A33A8F6}.Release|x86.Build.0 = Release|Any CPU
		{354803B7-14D0-4018-8EDE-61422A745FE7}.Debug|Any CPU.ActiveCfg = Debug|Any CPU
		{354803B7-14D0-4018-8EDE-61422A745FE7}.Debug|Any CPU.Build.0 = Debug|Any CPU
		{354803B7-14D0-4018-8EDE-61422A745FE7}.Debug|x64.ActiveCfg = Debug|Any CPU
		{354803B7-14D0-4018-8EDE-61422A745FE7}.Debug|x64.Build.0 = Debug|Any CPU
		{354803B7-14D0-4018-8EDE-61422A745FE7}.Debug|x86.ActiveCfg = Debug|Any CPU
		{354803B7-14D0-4018-8EDE-61422A745FE7}.Debug|x86.Build.0 = Debug|Any CPU
		{354803B7-14D0-4018-8EDE-61422A745FE7}.Release|Any CPU.ActiveCfg = Release|Any CPU
		{354803B7-14D0-4018-8EDE-61422A745FE7}.Release|Any CPU.Build.0 = Release|Any CPU
		{354803B7-14D0-4018-8EDE-61422A745FE7}.Release|x64.ActiveCfg = Release|Any CPU
		{354803B7-14D0-4018-8EDE-61422A745FE7}.Release|x64.Build.0 = Release|Any CPU
		{354803B7-14D0-4018-8EDE-61422A745FE7}.Release|x86.ActiveCfg = Release|Any CPU
		{354803B7-14D0-4018-8EDE-61422A745FE7}.Release|x86.Build.0 = Release|Any CPU
		{AD0DD4E3-1563-4706-88CE-A16DED633417}.Debug|Any CPU.ActiveCfg = Debug|Any CPU
		{AD0DD4E3-1563-4706-88CE-A16DED633417}.Debug|Any CPU.Build.0 = Debug|Any CPU
		{AD0DD4E3-1563-4706-88CE-A16DED633417}.Debug|x64.ActiveCfg = Debug|Any CPU
		{AD0DD4E3-1563-4706-88CE-A16DED633417}.Debug|x64.Build.0 = Debug|Any CPU
		{AD0DD4E3-1563-4706-88CE-A16DED633417}.Debug|x86.ActiveCfg = Debug|Any CPU
		{AD0DD4E3-1563-4706-88CE-A16DED633417}.Debug|x86.Build.0 = Debug|Any CPU
		{AD0DD4E3-1563-4706-88CE-A16DED633417}.Release|Any CPU.ActiveCfg = Release|Any CPU
		{AD0DD4E3-1563-4706-88CE-A16DED633417}.Release|Any CPU.Build.0 = Release|Any CPU
		{AD0DD4E3-1563-4706-88CE-A16DED633417}.Release|x64.ActiveCfg = Release|Any CPU
		{AD0DD4E3-1563-4706-88CE-A16DED633417}.Release|x64.Build.0 = Release|Any CPU
		{AD0DD4E3-1563-4706-88CE-A16DED633417}.Release|x86.ActiveCfg = Release|Any CPU
		{AD0DD4E3-1563-4706-88CE-A16DED633417}.Release|x86.Build.0 = Release|Any CPU
		{CFD5FD95-09D1-4EB3-AFB6-A677A861AF65}.Debug|Any CPU.ActiveCfg = Debug|Any CPU
		{CFD5FD95-09D1-4EB3-AFB6-A677A861AF65}.Debug|Any CPU.Build.0 = Debug|Any CPU
		{CFD5FD95-09D1-4EB3-AFB6-A677A861AF65}.Debug|x64.ActiveCfg = Debug|Any CPU
		{CFD5FD95-09D1-4EB3-AFB6-A677A861AF65}.Debug|x64.Build.0 = Debug|Any CPU
		{CFD5FD95-09D1-4EB3-AFB6-A677A861AF65}.Debug|x86.ActiveCfg = Debug|Any CPU
		{CFD5FD95-09D1-4EB3-AFB6-A677A861AF65}.Debug|x86.Build.0 = Debug|Any CPU
		{CFD5FD95-09D1-4EB3-AFB6-A677A861AF65}.Release|Any CPU.ActiveCfg = Release|Any CPU
		{CFD5FD95-09D1-4EB3-AFB6-A677A861AF65}.Release|Any CPU.Build.0 = Release|Any CPU
		{CFD5FD95-09D1-4EB3-AFB6-A677A861AF65}.Release|x64.ActiveCfg = Release|Any CPU
		{CFD5FD95-09D1-4EB3-AFB6-A677A861AF65}.Release|x64.Build.0 = Release|Any CPU
		{CFD5FD95-09D1-4EB3-AFB6-A677A861AF65}.Release|x86.ActiveCfg = Release|Any CPU
		{CFD5FD95-09D1-4EB3-AFB6-A677A861AF65}.Release|x86.Build.0 = Release|Any CPU
		{DC5FA571-9096-4953-827F-1837C54AEB45}.Debug|Any CPU.ActiveCfg = Debug|Any CPU
		{DC5FA571-9096-4953-827F-1837C54AEB45}.Debug|Any CPU.Build.0 = Debug|Any CPU
		{DC5FA571-9096-4953-827F-1837C54AEB45}.Debug|x64.ActiveCfg = Debug|Any CPU
		{DC5FA571-9096-4953-827F-1837C54AEB45}.Debug|x64.Build.0 = Debug|Any CPU
		{DC5FA571-9096-4953-827F-1837C54AEB45}.Debug|x86.ActiveCfg = Debug|Any CPU
		{DC5FA571-9096-4953-827F-1837C54AEB45}.Debug|x86.Build.0 = Debug|Any CPU
		{DC5FA571-9096-4953-827F-1837C54AEB45}.Release|Any CPU.ActiveCfg = Release|Any CPU
		{DC5FA571-9096-4953-827F-1837C54AEB45}.Release|Any CPU.Build.0 = Release|Any CPU
		{DC5FA571-9096-4953-827F-1837C54AEB45}.Release|x64.ActiveCfg = Release|Any CPU
		{DC5FA571-9096-4953-827F-1837C54AEB45}.Release|x64.Build.0 = Release|Any CPU
		{DC5FA571-9096-4953-827F-1837C54AEB45}.Release|x86.ActiveCfg = Release|Any CPU
		{DC5FA571-9096-4953-827F-1837C54AEB45}.Release|x86.Build.0 = Release|Any CPU
		{02A23425-F526-42A6-9EED-90AD485F7135}.Debug|Any CPU.ActiveCfg = Debug|Any CPU
		{02A23425-F526-42A6-9EED-90AD485F7135}.Debug|Any CPU.Build.0 = Debug|Any CPU
		{02A23425-F526-42A6-9EED-90AD485F7135}.Debug|x64.ActiveCfg = Debug|Any CPU
		{02A23425-F526-42A6-9EED-90AD485F7135}.Debug|x64.Build.0 = Debug|Any CPU
		{02A23425-F526-42A6-9EED-90AD485F7135}.Debug|x86.ActiveCfg = Debug|Any CPU
		{02A23425-F526-42A6-9EED-90AD485F7135}.Debug|x86.Build.0 = Debug|Any CPU
		{02A23425-F526-42A6-9EED-90AD485F7135}.Release|Any CPU.ActiveCfg = Release|Any CPU
		{02A23425-F526-42A6-9EED-90AD485F7135}.Release|Any CPU.Build.0 = Release|Any CPU
		{02A23425-F526-42A6-9EED-90AD485F7135}.Release|x64.ActiveCfg = Release|Any CPU
		{02A23425-F526-42A6-9EED-90AD485F7135}.Release|x64.Build.0 = Release|Any CPU
		{02A23425-F526-42A6-9EED-90AD485F7135}.Release|x86.ActiveCfg = Release|Any CPU
		{02A23425-F526-42A6-9EED-90AD485F7135}.Release|x86.Build.0 = Release|Any CPU
		{D24FA1D0-8E70-4BB3-84FE-30F443833B65}.Debug|Any CPU.ActiveCfg = Debug|Any CPU
		{D24FA1D0-8E70-4BB3-84FE-30F443833B65}.Debug|Any CPU.Build.0 = Debug|Any CPU
		{D24FA1D0-8E70-4BB3-84FE-30F443833B65}.Debug|x64.ActiveCfg = Debug|Any CPU
		{D24FA1D0-8E70-4BB3-84FE-30F443833B65}.Debug|x64.Build.0 = Debug|Any CPU
		{D24FA1D0-8E70-4BB3-84FE-30F443833B65}.Debug|x86.ActiveCfg = Debug|Any CPU
		{D24FA1D0-8E70-4BB3-84FE-30F443833B65}.Debug|x86.Build.0 = Debug|Any CPU
		{D24FA1D0-8E70-4BB3-84FE-30F443833B65}.Release|Any CPU.ActiveCfg = Release|Any CPU
		{D24FA1D0-8E70-4BB3-84FE-30F443833B65}.Release|Any CPU.Build.0 = Release|Any CPU
		{D24FA1D0-8E70-4BB3-84FE-30F443833B65}.Release|x64.ActiveCfg = Release|Any CPU
		{D24FA1D0-8E70-4BB3-84FE-30F443833B65}.Release|x64.Build.0 = Release|Any CPU
		{D24FA1D0-8E70-4BB3-84FE-30F443833B65}.Release|x86.ActiveCfg = Release|Any CPU
		{D24FA1D0-8E70-4BB3-84FE-30F443833B65}.Release|x86.Build.0 = Release|Any CPU
		{A67E40C4-DCA0-4968-AA1C-CB5B044CA4DC}.Debug|Any CPU.ActiveCfg = Debug|Any CPU
		{A67E40C4-DCA0-4968-AA1C-CB5B044CA4DC}.Debug|Any CPU.Build.0 = Debug|Any CPU
		{A67E40C4-DCA0-4968-AA1C-CB5B044CA4DC}.Debug|x64.ActiveCfg = Debug|Any CPU
		{A67E40C4-DCA0-4968-AA1C-CB5B044CA4DC}.Debug|x64.Build.0 = Debug|Any CPU
		{A67E40C4-DCA0-4968-AA1C-CB5B044CA4DC}.Debug|x86.ActiveCfg = Debug|Any CPU
		{A67E40C4-DCA0-4968-AA1C-CB5B044CA4DC}.Debug|x86.Build.0 = Debug|Any CPU
		{A67E40C4-DCA0-4968-AA1C-CB5B044CA4DC}.Release|Any CPU.ActiveCfg = Release|Any CPU
		{A67E40C4-DCA0-4968-AA1C-CB5B044CA4DC}.Release|Any CPU.Build.0 = Release|Any CPU
		{A67E40C4-DCA0-4968-AA1C-CB5B044CA4DC}.Release|x64.ActiveCfg = Release|Any CPU
		{A67E40C4-DCA0-4968-AA1C-CB5B044CA4DC}.Release|x64.Build.0 = Release|Any CPU
		{A67E40C4-DCA0-4968-AA1C-CB5B044CA4DC}.Release|x86.ActiveCfg = Release|Any CPU
		{A67E40C4-DCA0-4968-AA1C-CB5B044CA4DC}.Release|x86.Build.0 = Release|Any CPU
		{1D3097DD-C8AA-4390-B14C-B2F7D3FE1AA1}.Debug|Any CPU.ActiveCfg = Debug|Any CPU
		{1D3097DD-C8AA-4390-B14C-B2F7D3FE1AA1}.Debug|Any CPU.Build.0 = Debug|Any CPU
		{1D3097DD-C8AA-4390-B14C-B2F7D3FE1AA1}.Debug|x64.ActiveCfg = Debug|Any CPU
		{1D3097DD-C8AA-4390-B14C-B2F7D3FE1AA1}.Debug|x64.Build.0 = Debug|Any CPU
		{1D3097DD-C8AA-4390-B14C-B2F7D3FE1AA1}.Debug|x86.ActiveCfg = Debug|Any CPU
		{1D3097DD-C8AA-4390-B14C-B2F7D3FE1AA1}.Debug|x86.Build.0 = Debug|Any CPU
		{1D3097DD-C8AA-4390-B14C-B2F7D3FE1AA1}.Release|Any CPU.ActiveCfg = Release|Any CPU
		{1D3097DD-C8AA-4390-B14C-B2F7D3FE1AA1}.Release|Any CPU.Build.0 = Release|Any CPU
		{1D3097DD-C8AA-4390-B14C-B2F7D3FE1AA1}.Release|x64.ActiveCfg = Release|Any CPU
		{1D3097DD-C8AA-4390-B14C-B2F7D3FE1AA1}.Release|x64.Build.0 = Release|Any CPU
		{1D3097DD-C8AA-4390-B14C-B2F7D3FE1AA1}.Release|x86.ActiveCfg = Release|Any CPU
		{1D3097DD-C8AA-4390-B14C-B2F7D3FE1AA1}.Release|x86.Build.0 = Release|Any CPU
		{669B6634-A018-4D3A-9281-2B552D8A631D}.Debug|Any CPU.ActiveCfg = Debug|Any CPU
		{669B6634-A018-4D3A-9281-2B552D8A631D}.Debug|Any CPU.Build.0 = Debug|Any CPU
		{669B6634-A018-4D3A-9281-2B552D8A631D}.Debug|x64.ActiveCfg = Debug|Any CPU
		{669B6634-A018-4D3A-9281-2B552D8A631D}.Debug|x64.Build.0 = Debug|Any CPU
		{669B6634-A018-4D3A-9281-2B552D8A631D}.Debug|x86.ActiveCfg = Debug|Any CPU
		{669B6634-A018-4D3A-9281-2B552D8A631D}.Debug|x86.Build.0 = Debug|Any CPU
		{669B6634-A018-4D3A-9281-2B552D8A631D}.Release|Any CPU.ActiveCfg = Release|Any CPU
		{669B6634-A018-4D3A-9281-2B552D8A631D}.Release|Any CPU.Build.0 = Release|Any CPU
		{669B6634-A018-4D3A-9281-2B552D8A631D}.Release|x64.ActiveCfg = Release|Any CPU
		{669B6634-A018-4D3A-9281-2B552D8A631D}.Release|x64.Build.0 = Release|Any CPU
		{669B6634-A018-4D3A-9281-2B552D8A631D}.Release|x86.ActiveCfg = Release|Any CPU
		{669B6634-A018-4D3A-9281-2B552D8A631D}.Release|x86.Build.0 = Release|Any CPU
	EndGlobalSection
EndGlobal
