
Microsoft Visual Studio Solution File, Format Version 12.00
# Visual Studio Version 16
VisualStudioVersion = 16.0.30114.105
MinimumVisualStudioVersion = 10.0.40219.1
Project("{FAE04EC0-301F-11D3-BF4B-00C04F79EFBC}") = "Penguin.Cms.InternalMessaging.Repositories.Local", "Penguin.Cms.InternalMessaging.Repositories.Local.csproj", "{612D90D1-1679-4AAD-8EF4-2ADA4FB3A9C3}"
EndProject
Project("{FAE04EC0-301F-11D3-BF4B-00C04F79EFBC}") = "Penguin.Extensions.Collections.Local", "..\Penguin.Extensions.Collections\Penguin.Extensions.Collections.Local.csproj", "{906430F3-7E4E-46DE-81B8-569944FC87F3}"
EndProject
Project("{FAE04EC0-301F-11D3-BF4B-00C04F79EFBC}") = "Penguin.Reflection.Extensions.Local", "..\Penguin.Reflection.Extensions\Penguin.Reflection.Extensions.Local.csproj", "{9568C0CE-13DD-4DC1-9B18-CA8A52642DCC}"
EndProject
Project("{FAE04EC0-301F-11D3-BF4B-00C04F79EFBC}") = "Penguin.Reflection.Abstractions.Local", "..\Penguin.Reflection.Abstractions\Penguin.Reflection.Abstractions.Local.csproj", "{AB34802D-020D-446C-843C-A76EE0B6CCBA}"
EndProject
Project("{FAE04EC0-301F-11D3-BF4B-00C04F79EFBC}") = "Penguin.Extensions.String.Local", "..\Penguin.Extensions.String\Penguin.Extensions.String.Local.csproj", "{A7089271-09B3-4C65-92C8-6D259DEC5C6D}"
EndProject
Project("{FAE04EC0-301F-11D3-BF4B-00C04F79EFBC}") = "Penguin.Cms.InternalMessaging.Local", "..\Penguin.Cms.InternalMessaging\Penguin.Cms.InternalMessaging.Local.csproj", "{A052D21F-588F-4518-BCC0-F8FDC35E6A0D}"
EndProject
Project("{FAE04EC0-301F-11D3-BF4B-00C04F79EFBC}") = "Penguin.Shared.Objects.Local", "..\Penguin.Shared.Objects\Penguin.Shared.Objects.Local.csproj", "{BC40D4EA-A625-4893-B798-8529EB2F03E5}"
EndProject
Project("{FAE04EC0-301F-11D3-BF4B-00C04F79EFBC}") = "Penguin.Cms.Entities.Local", "..\Penguin.Cms.Entities\Penguin.Cms.Entities.Local.csproj", "{08265156-DD2D-411D-9A4F-1A38C94D15B8}"
EndProject
Project("{FAE04EC0-301F-11D3-BF4B-00C04F79EFBC}") = "Penguin.Persistence.Abstractions.Local", "..\Penguin.Persistence.Abstractions\Penguin.Persistence.Abstractions.Local.csproj", "{39CD683C-D044-4892-9E71-9B0B654E4A54}"
EndProject
Project("{FAE04EC0-301F-11D3-BF4B-00C04F79EFBC}") = "Penguin.Entities.Abstractions.Local", "..\Penguin.Entities.Abstractions\Penguin.Entities.Abstractions.Local.csproj", "{D0C8208B-F7F0-46B8-96E5-142284461133}"
EndProject
Project("{FAE04EC0-301F-11D3-BF4B-00C04F79EFBC}") = "Penguin.Cms.Security.Repositories.Local", "..\Penguin.Cms.Security.Repositories\Penguin.Cms.Security.Repositories.Local.csproj", "{6F9F8B51-817B-4C72-8882-37A5CA7057CB}"
EndProject
Project("{FAE04EC0-301F-11D3-BF4B-00C04F79EFBC}") = "Penguin.Cms.Security.Local", "..\Penguin.Cms.Security\Penguin.Cms.Security.Local.csproj", "{973701B0-9D7A-4928-B1C4-E84E5D4C869C}"
EndProject
Project("{FAE04EC0-301F-11D3-BF4B-00C04F79EFBC}") = "Penguin.Auditing.Abstractions.Local", "..\Penguin.Auditing.Abstractions\Penguin.Auditing.Abstractions.Local.csproj", "{7C08CF53-4D56-4568-8EFD-86841747F94E}"
EndProject
Project("{FAE04EC0-301F-11D3-BF4B-00C04F79EFBC}") = "Penguin.Cms.Email.Abstractions.Local", "..\Penguin.Cms.Email.Abstractions\Penguin.Cms.Email.Abstractions.Local.csproj", "{0C82A5A0-A6B9-4EB5-820E-FA2337F14D0A}"
EndProject
Project("{FAE04EC0-301F-11D3-BF4B-00C04F79EFBC}") = "Penguin.Email.Abstractions.Local", "..\Penguin.Email.Abstractions\Penguin.Email.Abstractions.Local.csproj", "{AB2036CF-12DF-4CBB-AB70-5CA11F28FF6D}"
EndProject
Project("{FAE04EC0-301F-11D3-BF4B-00C04F79EFBC}") = "Penguin.Files.Abstractions.Local", "..\Penguin.Files.Abstractions\Penguin.Files.Abstractions.Local.csproj", "{5368051D-FC36-4794-A4D2-488A885A44A6}"
EndProject
Project("{FAE04EC0-301F-11D3-BF4B-00C04F79EFBC}") = "Penguin.Email.Templating.Abstractions.Local", "..\Penguin.Email.Templating.Abstractions\Penguin.Email.Templating.Abstractions.Local.csproj", "{D4CF5650-F077-4986-A476-19C0127766DF}"
EndProject
Project("{FAE04EC0-301F-11D3-BF4B-00C04F79EFBC}") = "Penguin.Templating.Abstractions.Local", "..\Penguin.Templating.Abstractions\Penguin.Templating.Abstractions.Local.csproj", "{21A65291-5F17-4F24-AE30-0B6C954330CC}"
EndProject
Project("{FAE04EC0-301F-11D3-BF4B-00C04F79EFBC}") = "Penguin.Security.Abstractions.Local", "..\Penguin.Security.Abstractions\Penguin.Security.Abstractions.Local.csproj", "{F8E693C8-63F1-4FF0-9F7B-0F2E60D8BBC5}"
EndProject
Project("{FAE04EC0-301F-11D3-BF4B-00C04F79EFBC}") = "Penguin.Cms.Abstractions.Local", "..\Penguin.Cms.Abstractions\Penguin.Cms.Abstractions.Local.csproj", "{B985AAC6-5D10-478C-860A-44158286C1AC}"
EndProject
Project("{FAE04EC0-301F-11D3-BF4B-00C04F79EFBC}") = "Penguin.DependencyInjection.Abstractions.Local", "..\Penguin.DependencyInjection.Abstractions\Penguin.DependencyInjection.Abstractions.Local.csproj", "{664D7705-F961-4F1A-942A-352ADD623B4E}"
EndProject
Project("{FAE04EC0-301F-11D3-BF4B-00C04F79EFBC}") = "Penguin.Cms.Repositories.Local", "..\Penguin.Cms.Repositories\Penguin.Cms.Repositories.Local.csproj", "{7865648D-C848-49EB-9DE4-09226D79B1C3}"
EndProject
Project("{FAE04EC0-301F-11D3-BF4B-00C04F79EFBC}") = "Penguin.Persistence.Repositories.Local", "..\Penguin.Persistence.Repositories\Penguin.Persistence.Repositories.Local.csproj", "{CF64DC56-1AB4-484B-94C1-020086F10BD4}"
EndProject
Project("{FAE04EC0-301F-11D3-BF4B-00C04F79EFBC}") = "Penguin.Messaging.Persistence.Local", "..\Penguin.Messaging.Persistence\Penguin.Messaging.Persistence.Local.csproj", "{6547874B-65D8-420A-9488-65B20722217B}"
EndProject
Project("{FAE04EC0-301F-11D3-BF4B-00C04F79EFBC}") = "Penguin.Messaging.Abstractions.Local", "..\Penguin.Messaging.Abstractions\Penguin.Messaging.Abstractions.Local.csproj", "{21582F89-178D-46FA-9145-98932F5656F0}"
EndProject
Project("{FAE04EC0-301F-11D3-BF4B-00C04F79EFBC}") = "Penguin.Messaging.Core.Local", "..\Penguin.Messaging.Core\Penguin.Messaging.Core.Local.csproj", "{F800EC19-3BDF-48E4-813D-E62397EA5EFC}"
EndProject
Project("{FAE04EC0-301F-11D3-BF4B-00C04F79EFBC}") = "Penguin.Debugging.Local", "..\Penguin.Debugging\Penguin.Debugging.Local.csproj", "{C9391ACF-7D80-4E8F-98D9-7BE51FA8238C}"
EndProject
Project("{FAE04EC0-301F-11D3-BF4B-00C04F79EFBC}") = "Penguin.Extensions.Exceptions.Local", "..\Penguin.Extensions.Exceptions\Penguin.Extensions.Exceptions.Local.csproj", "{4CADB9CF-16B3-4806-8703-8FBF9DCBB8F5}"
EndProject
Project("{FAE04EC0-301F-11D3-BF4B-00C04F79EFBC}") = "Penguin.Reflection.Local", "..\Penguin.Reflection\Penguin.Reflection.Local.csproj", "{5CB1B401-2A8D-429F-B781-91A93F9DED4F}"
EndProject
Global
	GlobalSection(SolutionConfigurationPlatforms) = preSolution
		Debug|Any CPU = Debug|Any CPU
		Debug|x64 = Debug|x64
		Debug|x86 = Debug|x86
		Release|Any CPU = Release|Any CPU
		Release|x64 = Release|x64
		Release|x86 = Release|x86
	EndGlobalSection
	GlobalSection(SolutionProperties) = preSolution
		HideSolutionNode = FALSE
	EndGlobalSection
	GlobalSection(ProjectConfigurationPlatforms) = postSolution
		{612D90D1-1679-4AAD-8EF4-2ADA4FB3A9C3}.Debug|Any CPU.ActiveCfg = Debug|Any CPU
		{612D90D1-1679-4AAD-8EF4-2ADA4FB3A9C3}.Debug|Any CPU.Build.0 = Debug|Any CPU
		{612D90D1-1679-4AAD-8EF4-2ADA4FB3A9C3}.Debug|x64.ActiveCfg = Debug|Any CPU
		{612D90D1-1679-4AAD-8EF4-2ADA4FB3A9C3}.Debug|x64.Build.0 = Debug|Any CPU
		{612D90D1-1679-4AAD-8EF4-2ADA4FB3A9C3}.Debug|x86.ActiveCfg = Debug|Any CPU
		{612D90D1-1679-4AAD-8EF4-2ADA4FB3A9C3}.Debug|x86.Build.0 = Debug|Any CPU
		{612D90D1-1679-4AAD-8EF4-2ADA4FB3A9C3}.Release|Any CPU.ActiveCfg = Release|Any CPU
		{612D90D1-1679-4AAD-8EF4-2ADA4FB3A9C3}.Release|Any CPU.Build.0 = Release|Any CPU
		{612D90D1-1679-4AAD-8EF4-2ADA4FB3A9C3}.Release|x64.ActiveCfg = Release|Any CPU
		{612D90D1-1679-4AAD-8EF4-2ADA4FB3A9C3}.Release|x64.Build.0 = Release|Any CPU
		{612D90D1-1679-4AAD-8EF4-2ADA4FB3A9C3}.Release|x86.ActiveCfg = Release|Any CPU
		{612D90D1-1679-4AAD-8EF4-2ADA4FB3A9C3}.Release|x86.Build.0 = Release|Any CPU
		{906430F3-7E4E-46DE-81B8-569944FC87F3}.Debug|Any CPU.ActiveCfg = Debug|Any CPU
		{906430F3-7E4E-46DE-81B8-569944FC87F3}.Debug|Any CPU.Build.0 = Debug|Any CPU
		{906430F3-7E4E-46DE-81B8-569944FC87F3}.Debug|x64.ActiveCfg = Debug|Any CPU
		{906430F3-7E4E-46DE-81B8-569944FC87F3}.Debug|x64.Build.0 = Debug|Any CPU
		{906430F3-7E4E-46DE-81B8-569944FC87F3}.Debug|x86.ActiveCfg = Debug|Any CPU
		{906430F3-7E4E-46DE-81B8-569944FC87F3}.Debug|x86.Build.0 = Debug|Any CPU
		{906430F3-7E4E-46DE-81B8-569944FC87F3}.Release|Any CPU.ActiveCfg = Release|Any CPU
		{906430F3-7E4E-46DE-81B8-569944FC87F3}.Release|Any CPU.Build.0 = Release|Any CPU
		{906430F3-7E4E-46DE-81B8-569944FC87F3}.Release|x64.ActiveCfg = Release|Any CPU
		{906430F3-7E4E-46DE-81B8-569944FC87F3}.Release|x64.Build.0 = Release|Any CPU
		{906430F3-7E4E-46DE-81B8-569944FC87F3}.Release|x86.ActiveCfg = Release|Any CPU
		{906430F3-7E4E-46DE-81B8-569944FC87F3}.Release|x86.Build.0 = Release|Any CPU
		{9568C0CE-13DD-4DC1-9B18-CA8A52642DCC}.Debug|Any CPU.ActiveCfg = Debug|Any CPU
		{9568C0CE-13DD-4DC1-9B18-CA8A52642DCC}.Debug|Any CPU.Build.0 = Debug|Any CPU
		{9568C0CE-13DD-4DC1-9B18-CA8A52642DCC}.Debug|x64.ActiveCfg = Debug|Any CPU
		{9568C0CE-13DD-4DC1-9B18-CA8A52642DCC}.Debug|x64.Build.0 = Debug|Any CPU
		{9568C0CE-13DD-4DC1-9B18-CA8A52642DCC}.Debug|x86.ActiveCfg = Debug|Any CPU
		{9568C0CE-13DD-4DC1-9B18-CA8A52642DCC}.Debug|x86.Build.0 = Debug|Any CPU
		{9568C0CE-13DD-4DC1-9B18-CA8A52642DCC}.Release|Any CPU.ActiveCfg = Release|Any CPU
		{9568C0CE-13DD-4DC1-9B18-CA8A52642DCC}.Release|Any CPU.Build.0 = Release|Any CPU
		{9568C0CE-13DD-4DC1-9B18-CA8A52642DCC}.Release|x64.ActiveCfg = Release|Any CPU
		{9568C0CE-13DD-4DC1-9B18-CA8A52642DCC}.Release|x64.Build.0 = Release|Any CPU
		{9568C0CE-13DD-4DC1-9B18-CA8A52642DCC}.Release|x86.ActiveCfg = Release|Any CPU
		{9568C0CE-13DD-4DC1-9B18-CA8A52642DCC}.Release|x86.Build.0 = Release|Any CPU
		{AB34802D-020D-446C-843C-A76EE0B6CCBA}.Debug|Any CPU.ActiveCfg = Debug|Any CPU
		{AB34802D-020D-446C-843C-A76EE0B6CCBA}.Debug|Any CPU.Build.0 = Debug|Any CPU
		{AB34802D-020D-446C-843C-A76EE0B6CCBA}.Debug|x64.ActiveCfg = Debug|Any CPU
		{AB34802D-020D-446C-843C-A76EE0B6CCBA}.Debug|x64.Build.0 = Debug|Any CPU
		{AB34802D-020D-446C-843C-A76EE0B6CCBA}.Debug|x86.ActiveCfg = Debug|Any CPU
		{AB34802D-020D-446C-843C-A76EE0B6CCBA}.Debug|x86.Build.0 = Debug|Any CPU
		{AB34802D-020D-446C-843C-A76EE0B6CCBA}.Release|Any CPU.ActiveCfg = Release|Any CPU
		{AB34802D-020D-446C-843C-A76EE0B6CCBA}.Release|Any CPU.Build.0 = Release|Any CPU
		{AB34802D-020D-446C-843C-A76EE0B6CCBA}.Release|x64.ActiveCfg = Release|Any CPU
		{AB34802D-020D-446C-843C-A76EE0B6CCBA}.Release|x64.Build.0 = Release|Any CPU
		{AB34802D-020D-446C-843C-A76EE0B6CCBA}.Release|x86.ActiveCfg = Release|Any CPU
		{AB34802D-020D-446C-843C-A76EE0B6CCBA}.Release|x86.Build.0 = Release|Any CPU
		{A7089271-09B3-4C65-92C8-6D259DEC5C6D}.Debug|Any CPU.ActiveCfg = Debug|Any CPU
		{A7089271-09B3-4C65-92C8-6D259DEC5C6D}.Debug|Any CPU.Build.0 = Debug|Any CPU
		{A7089271-09B3-4C65-92C8-6D259DEC5C6D}.Debug|x64.ActiveCfg = Debug|Any CPU
		{A7089271-09B3-4C65-92C8-6D259DEC5C6D}.Debug|x64.Build.0 = Debug|Any CPU
		{A7089271-09B3-4C65-92C8-6D259DEC5C6D}.Debug|x86.ActiveCfg = Debug|Any CPU
		{A7089271-09B3-4C65-92C8-6D259DEC5C6D}.Debug|x86.Build.0 = Debug|Any CPU
		{A7089271-09B3-4C65-92C8-6D259DEC5C6D}.Release|Any CPU.ActiveCfg = Release|Any CPU
		{A7089271-09B3-4C65-92C8-6D259DEC5C6D}.Release|Any CPU.Build.0 = Release|Any CPU
		{A7089271-09B3-4C65-92C8-6D259DEC5C6D}.Release|x64.ActiveCfg = Release|Any CPU
		{A7089271-09B3-4C65-92C8-6D259DEC5C6D}.Release|x64.Build.0 = Release|Any CPU
		{A7089271-09B3-4C65-92C8-6D259DEC5C6D}.Release|x86.ActiveCfg = Release|Any CPU
		{A7089271-09B3-4C65-92C8-6D259DEC5C6D}.Release|x86.Build.0 = Release|Any CPU
		{A052D21F-588F-4518-BCC0-F8FDC35E6A0D}.Debug|Any CPU.ActiveCfg = Debug|Any CPU
		{A052D21F-588F-4518-BCC0-F8FDC35E6A0D}.Debug|Any CPU.Build.0 = Debug|Any CPU
		{A052D21F-588F-4518-BCC0-F8FDC35E6A0D}.Debug|x64.ActiveCfg = Debug|Any CPU
		{A052D21F-588F-4518-BCC0-F8FDC35E6A0D}.Debug|x64.Build.0 = Debug|Any CPU
		{A052D21F-588F-4518-BCC0-F8FDC35E6A0D}.Debug|x86.ActiveCfg = Debug|Any CPU
		{A052D21F-588F-4518-BCC0-F8FDC35E6A0D}.Debug|x86.Build.0 = Debug|Any CPU
		{A052D21F-588F-4518-BCC0-F8FDC35E6A0D}.Release|Any CPU.ActiveCfg = Release|Any CPU
		{A052D21F-588F-4518-BCC0-F8FDC35E6A0D}.Release|Any CPU.Build.0 = Release|Any CPU
		{A052D21F-588F-4518-BCC0-F8FDC35E6A0D}.Release|x64.ActiveCfg = Release|Any CPU
		{A052D21F-588F-4518-BCC0-F8FDC35E6A0D}.Release|x64.Build.0 = Release|Any CPU
		{A052D21F-588F-4518-BCC0-F8FDC35E6A0D}.Release|x86.ActiveCfg = Release|Any CPU
		{A052D21F-588F-4518-BCC0-F8FDC35E6A0D}.Release|x86.Build.0 = Release|Any CPU
		{BC40D4EA-A625-4893-B798-8529EB2F03E5}.Debug|Any CPU.ActiveCfg = Debug|Any CPU
		{BC40D4EA-A625-4893-B798-8529EB2F03E5}.Debug|Any CPU.Build.0 = Debug|Any CPU
		{BC40D4EA-A625-4893-B798-8529EB2F03E5}.Debug|x64.ActiveCfg = Debug|Any CPU
		{BC40D4EA-A625-4893-B798-8529EB2F03E5}.Debug|x64.Build.0 = Debug|Any CPU
		{BC40D4EA-A625-4893-B798-8529EB2F03E5}.Debug|x86.ActiveCfg = Debug|Any CPU
		{BC40D4EA-A625-4893-B798-8529EB2F03E5}.Debug|x86.Build.0 = Debug|Any CPU
		{BC40D4EA-A625-4893-B798-8529EB2F03E5}.Release|Any CPU.ActiveCfg = Release|Any CPU
		{BC40D4EA-A625-4893-B798-8529EB2F03E5}.Release|Any CPU.Build.0 = Release|Any CPU
		{BC40D4EA-A625-4893-B798-8529EB2F03E5}.Release|x64.ActiveCfg = Release|Any CPU
		{BC40D4EA-A625-4893-B798-8529EB2F03E5}.Release|x64.Build.0 = Release|Any CPU
		{BC40D4EA-A625-4893-B798-8529EB2F03E5}.Release|x86.ActiveCfg = Release|Any CPU
		{BC40D4EA-A625-4893-B798-8529EB2F03E5}.Release|x86.Build.0 = Release|Any CPU
		{08265156-DD2D-411D-9A4F-1A38C94D15B8}.Debug|Any CPU.ActiveCfg = Debug|Any CPU
		{08265156-DD2D-411D-9A4F-1A38C94D15B8}.Debug|Any CPU.Build.0 = Debug|Any CPU
		{08265156-DD2D-411D-9A4F-1A38C94D15B8}.Debug|x64.ActiveCfg = Debug|Any CPU
		{08265156-DD2D-411D-9A4F-1A38C94D15B8}.Debug|x64.Build.0 = Debug|Any CPU
		{08265156-DD2D-411D-9A4F-1A38C94D15B8}.Debug|x86.ActiveCfg = Debug|Any CPU
		{08265156-DD2D-411D-9A4F-1A38C94D15B8}.Debug|x86.Build.0 = Debug|Any CPU
		{08265156-DD2D-411D-9A4F-1A38C94D15B8}.Release|Any CPU.ActiveCfg = Release|Any CPU
		{08265156-DD2D-411D-9A4F-1A38C94D15B8}.Release|Any CPU.Build.0 = Release|Any CPU
		{08265156-DD2D-411D-9A4F-1A38C94D15B8}.Release|x64.ActiveCfg = Release|Any CPU
		{08265156-DD2D-411D-9A4F-1A38C94D15B8}.Release|x64.Build.0 = Release|Any CPU
		{08265156-DD2D-411D-9A4F-1A38C94D15B8}.Release|x86.ActiveCfg = Release|Any CPU
		{08265156-DD2D-411D-9A4F-1A38C94D15B8}.Release|x86.Build.0 = Release|Any CPU
		{39CD683C-D044-4892-9E71-9B0B654E4A54}.Debug|Any CPU.ActiveCfg = Debug|Any CPU
		{39CD683C-D044-4892-9E71-9B0B654E4A54}.Debug|Any CPU.Build.0 = Debug|Any CPU
		{39CD683C-D044-4892-9E71-9B0B654E4A54}.Debug|x64.ActiveCfg = Debug|Any CPU
		{39CD683C-D044-4892-9E71-9B0B654E4A54}.Debug|x64.Build.0 = Debug|Any CPU
		{39CD683C-D044-4892-9E71-9B0B654E4A54}.Debug|x86.ActiveCfg = Debug|Any CPU
		{39CD683C-D044-4892-9E71-9B0B654E4A54}.Debug|x86.Build.0 = Debug|Any CPU
		{39CD683C-D044-4892-9E71-9B0B654E4A54}.Release|Any CPU.ActiveCfg = Release|Any CPU
		{39CD683C-D044-4892-9E71-9B0B654E4A54}.Release|Any CPU.Build.0 = Release|Any CPU
		{39CD683C-D044-4892-9E71-9B0B654E4A54}.Release|x64.ActiveCfg = Release|Any CPU
		{39CD683C-D044-4892-9E71-9B0B654E4A54}.Release|x64.Build.0 = Release|Any CPU
		{39CD683C-D044-4892-9E71-9B0B654E4A54}.Release|x86.ActiveCfg = Release|Any CPU
		{39CD683C-D044-4892-9E71-9B0B654E4A54}.Release|x86.Build.0 = Release|Any CPU
		{D0C8208B-F7F0-46B8-96E5-142284461133}.Debug|Any CPU.ActiveCfg = Debug|Any CPU
		{D0C8208B-F7F0-46B8-96E5-142284461133}.Debug|Any CPU.Build.0 = Debug|Any CPU
		{D0C8208B-F7F0-46B8-96E5-142284461133}.Debug|x64.ActiveCfg = Debug|Any CPU
		{D0C8208B-F7F0-46B8-96E5-142284461133}.Debug|x64.Build.0 = Debug|Any CPU
		{D0C8208B-F7F0-46B8-96E5-142284461133}.Debug|x86.ActiveCfg = Debug|Any CPU
		{D0C8208B-F7F0-46B8-96E5-142284461133}.Debug|x86.Build.0 = Debug|Any CPU
		{D0C8208B-F7F0-46B8-96E5-142284461133}.Release|Any CPU.ActiveCfg = Release|Any CPU
		{D0C8208B-F7F0-46B8-96E5-142284461133}.Release|Any CPU.Build.0 = Release|Any CPU
		{D0C8208B-F7F0-46B8-96E5-142284461133}.Release|x64.ActiveCfg = Release|Any CPU
		{D0C8208B-F7F0-46B8-96E5-142284461133}.Release|x64.Build.0 = Release|Any CPU
		{D0C8208B-F7F0-46B8-96E5-142284461133}.Release|x86.ActiveCfg = Release|Any CPU
		{D0C8208B-F7F0-46B8-96E5-142284461133}.Release|x86.Build.0 = Release|Any CPU
		{6F9F8B51-817B-4C72-8882-37A5CA7057CB}.Debug|Any CPU.ActiveCfg = Debug|Any CPU
		{6F9F8B51-817B-4C72-8882-37A5CA7057CB}.Debug|Any CPU.Build.0 = Debug|Any CPU
		{6F9F8B51-817B-4C72-8882-37A5CA7057CB}.Debug|x64.ActiveCfg = Debug|Any CPU
		{6F9F8B51-817B-4C72-8882-37A5CA7057CB}.Debug|x64.Build.0 = Debug|Any CPU
		{6F9F8B51-817B-4C72-8882-37A5CA7057CB}.Debug|x86.ActiveCfg = Debug|Any CPU
		{6F9F8B51-817B-4C72-8882-37A5CA7057CB}.Debug|x86.Build.0 = Debug|Any CPU
		{6F9F8B51-817B-4C72-8882-37A5CA7057CB}.Release|Any CPU.ActiveCfg = Release|Any CPU
		{6F9F8B51-817B-4C72-8882-37A5CA7057CB}.Release|Any CPU.Build.0 = Release|Any CPU
		{6F9F8B51-817B-4C72-8882-37A5CA7057CB}.Release|x64.ActiveCfg = Release|Any CPU
		{6F9F8B51-817B-4C72-8882-37A5CA7057CB}.Release|x64.Build.0 = Release|Any CPU
		{6F9F8B51-817B-4C72-8882-37A5CA7057CB}.Release|x86.ActiveCfg = Release|Any CPU
		{6F9F8B51-817B-4C72-8882-37A5CA7057CB}.Release|x86.Build.0 = Release|Any CPU
		{973701B0-9D7A-4928-B1C4-E84E5D4C869C}.Debug|Any CPU.ActiveCfg = Debug|Any CPU
		{973701B0-9D7A-4928-B1C4-E84E5D4C869C}.Debug|Any CPU.Build.0 = Debug|Any CPU
		{973701B0-9D7A-4928-B1C4-E84E5D4C869C}.Debug|x64.ActiveCfg = Debug|Any CPU
		{973701B0-9D7A-4928-B1C4-E84E5D4C869C}.Debug|x64.Build.0 = Debug|Any CPU
		{973701B0-9D7A-4928-B1C4-E84E5D4C869C}.Debug|x86.ActiveCfg = Debug|Any CPU
		{973701B0-9D7A-4928-B1C4-E84E5D4C869C}.Debug|x86.Build.0 = Debug|Any CPU
		{973701B0-9D7A-4928-B1C4-E84E5D4C869C}.Release|Any CPU.ActiveCfg = Release|Any CPU
		{973701B0-9D7A-4928-B1C4-E84E5D4C869C}.Release|Any CPU.Build.0 = Release|Any CPU
		{973701B0-9D7A-4928-B1C4-E84E5D4C869C}.Release|x64.ActiveCfg = Release|Any CPU
		{973701B0-9D7A-4928-B1C4-E84E5D4C869C}.Release|x64.Build.0 = Release|Any CPU
		{973701B0-9D7A-4928-B1C4-E84E5D4C869C}.Release|x86.ActiveCfg = Release|Any CPU
		{973701B0-9D7A-4928-B1C4-E84E5D4C869C}.Release|x86.Build.0 = Release|Any CPU
		{7C08CF53-4D56-4568-8EFD-86841747F94E}.Debug|Any CPU.ActiveCfg = Debug|Any CPU
		{7C08CF53-4D56-4568-8EFD-86841747F94E}.Debug|Any CPU.Build.0 = Debug|Any CPU
		{7C08CF53-4D56-4568-8EFD-86841747F94E}.Debug|x64.ActiveCfg = Debug|Any CPU
		{7C08CF53-4D56-4568-8EFD-86841747F94E}.Debug|x64.Build.0 = Debug|Any CPU
		{7C08CF53-4D56-4568-8EFD-86841747F94E}.Debug|x86.ActiveCfg = Debug|Any CPU
		{7C08CF53-4D56-4568-8EFD-86841747F94E}.Debug|x86.Build.0 = Debug|Any CPU
		{7C08CF53-4D56-4568-8EFD-86841747F94E}.Release|Any CPU.ActiveCfg = Release|Any CPU
		{7C08CF53-4D56-4568-8EFD-86841747F94E}.Release|Any CPU.Build.0 = Release|Any CPU
		{7C08CF53-4D56-4568-8EFD-86841747F94E}.Release|x64.ActiveCfg = Release|Any CPU
		{7C08CF53-4D56-4568-8EFD-86841747F94E}.Release|x64.Build.0 = Release|Any CPU
		{7C08CF53-4D56-4568-8EFD-86841747F94E}.Release|x86.ActiveCfg = Release|Any CPU
		{7C08CF53-4D56-4568-8EFD-86841747F94E}.Release|x86.Build.0 = Release|Any CPU
		{0C82A5A0-A6B9-4EB5-820E-FA2337F14D0A}.Debug|Any CPU.ActiveCfg = Debug|Any CPU
		{0C82A5A0-A6B9-4EB5-820E-FA2337F14D0A}.Debug|Any CPU.Build.0 = Debug|Any CPU
		{0C82A5A0-A6B9-4EB5-820E-FA2337F14D0A}.Debug|x64.ActiveCfg = Debug|Any CPU
		{0C82A5A0-A6B9-4EB5-820E-FA2337F14D0A}.Debug|x64.Build.0 = Debug|Any CPU
		{0C82A5A0-A6B9-4EB5-820E-FA2337F14D0A}.Debug|x86.ActiveCfg = Debug|Any CPU
		{0C82A5A0-A6B9-4EB5-820E-FA2337F14D0A}.Debug|x86.Build.0 = Debug|Any CPU
		{0C82A5A0-A6B9-4EB5-820E-FA2337F14D0A}.Release|Any CPU.ActiveCfg = Release|Any CPU
		{0C82A5A0-A6B9-4EB5-820E-FA2337F14D0A}.Release|Any CPU.Build.0 = Release|Any CPU
		{0C82A5A0-A6B9-4EB5-820E-FA2337F14D0A}.Release|x64.ActiveCfg = Release|Any CPU
		{0C82A5A0-A6B9-4EB5-820E-FA2337F14D0A}.Release|x64.Build.0 = Release|Any CPU
		{0C82A5A0-A6B9-4EB5-820E-FA2337F14D0A}.Release|x86.ActiveCfg = Release|Any CPU
		{0C82A5A0-A6B9-4EB5-820E-FA2337F14D0A}.Release|x86.Build.0 = Release|Any CPU
		{AB2036CF-12DF-4CBB-AB70-5CA11F28FF6D}.Debug|Any CPU.ActiveCfg = Debug|Any CPU
		{AB2036CF-12DF-4CBB-AB70-5CA11F28FF6D}.Debug|Any CPU.Build.0 = Debug|Any CPU
		{AB2036CF-12DF-4CBB-AB70-5CA11F28FF6D}.Debug|x64.ActiveCfg = Debug|Any CPU
		{AB2036CF-12DF-4CBB-AB70-5CA11F28FF6D}.Debug|x64.Build.0 = Debug|Any CPU
		{AB2036CF-12DF-4CBB-AB70-5CA11F28FF6D}.Debug|x86.ActiveCfg = Debug|Any CPU
		{AB2036CF-12DF-4CBB-AB70-5CA11F28FF6D}.Debug|x86.Build.0 = Debug|Any CPU
		{AB2036CF-12DF-4CBB-AB70-5CA11F28FF6D}.Release|Any CPU.ActiveCfg = Release|Any CPU
		{AB2036CF-12DF-4CBB-AB70-5CA11F28FF6D}.Release|Any CPU.Build.0 = Release|Any CPU
		{AB2036CF-12DF-4CBB-AB70-5CA11F28FF6D}.Release|x64.ActiveCfg = Release|Any CPU
		{AB2036CF-12DF-4CBB-AB70-5CA11F28FF6D}.Release|x64.Build.0 = Release|Any CPU
		{AB2036CF-12DF-4CBB-AB70-5CA11F28FF6D}.Release|x86.ActiveCfg = Release|Any CPU
		{AB2036CF-12DF-4CBB-AB70-5CA11F28FF6D}.Release|x86.Build.0 = Release|Any CPU
		{5368051D-FC36-4794-A4D2-488A885A44A6}.Debug|Any CPU.ActiveCfg = Debug|Any CPU
		{5368051D-FC36-4794-A4D2-488A885A44A6}.Debug|Any CPU.Build.0 = Debug|Any CPU
		{5368051D-FC36-4794-A4D2-488A885A44A6}.Debug|x64.ActiveCfg = Debug|Any CPU
		{5368051D-FC36-4794-A4D2-488A885A44A6}.Debug|x64.Build.0 = Debug|Any CPU
		{5368051D-FC36-4794-A4D2-488A885A44A6}.Debug|x86.ActiveCfg = Debug|Any CPU
		{5368051D-FC36-4794-A4D2-488A885A44A6}.Debug|x86.Build.0 = Debug|Any CPU
		{5368051D-FC36-4794-A4D2-488A885A44A6}.Release|Any CPU.ActiveCfg = Release|Any CPU
		{5368051D-FC36-4794-A4D2-488A885A44A6}.Release|Any CPU.Build.0 = Release|Any CPU
		{5368051D-FC36-4794-A4D2-488A885A44A6}.Release|x64.ActiveCfg = Release|Any CPU
		{5368051D-FC36-4794-A4D2-488A885A44A6}.Release|x64.Build.0 = Release|Any CPU
		{5368051D-FC36-4794-A4D2-488A885A44A6}.Release|x86.ActiveCfg = Release|Any CPU
		{5368051D-FC36-4794-A4D2-488A885A44A6}.Release|x86.Build.0 = Release|Any CPU
		{D4CF5650-F077-4986-A476-19C0127766DF}.Debug|Any CPU.ActiveCfg = Debug|Any CPU
		{D4CF5650-F077-4986-A476-19C0127766DF}.Debug|Any CPU.Build.0 = Debug|Any CPU
		{D4CF5650-F077-4986-A476-19C0127766DF}.Debug|x64.ActiveCfg = Debug|Any CPU
		{D4CF5650-F077-4986-A476-19C0127766DF}.Debug|x64.Build.0 = Debug|Any CPU
		{D4CF5650-F077-4986-A476-19C0127766DF}.Debug|x86.ActiveCfg = Debug|Any CPU
		{D4CF5650-F077-4986-A476-19C0127766DF}.Debug|x86.Build.0 = Debug|Any CPU
		{D4CF5650-F077-4986-A476-19C0127766DF}.Release|Any CPU.ActiveCfg = Release|Any CPU
		{D4CF5650-F077-4986-A476-19C0127766DF}.Release|Any CPU.Build.0 = Release|Any CPU
		{D4CF5650-F077-4986-A476-19C0127766DF}.Release|x64.ActiveCfg = Release|Any CPU
		{D4CF5650-F077-4986-A476-19C0127766DF}.Release|x64.Build.0 = Release|Any CPU
		{D4CF5650-F077-4986-A476-19C0127766DF}.Release|x86.ActiveCfg = Release|Any CPU
		{D4CF5650-F077-4986-A476-19C0127766DF}.Release|x86.Build.0 = Release|Any CPU
		{21A65291-5F17-4F24-AE30-0B6C954330CC}.Debug|Any CPU.ActiveCfg = Debug|Any CPU
		{21A65291-5F17-4F24-AE30-0B6C954330CC}.Debug|Any CPU.Build.0 = Debug|Any CPU
		{21A65291-5F17-4F24-AE30-0B6C954330CC}.Debug|x64.ActiveCfg = Debug|Any CPU
		{21A65291-5F17-4F24-AE30-0B6C954330CC}.Debug|x64.Build.0 = Debug|Any CPU
		{21A65291-5F17-4F24-AE30-0B6C954330CC}.Debug|x86.ActiveCfg = Debug|Any CPU
		{21A65291-5F17-4F24-AE30-0B6C954330CC}.Debug|x86.Build.0 = Debug|Any CPU
		{21A65291-5F17-4F24-AE30-0B6C954330CC}.Release|Any CPU.ActiveCfg = Release|Any CPU
		{21A65291-5F17-4F24-AE30-0B6C954330CC}.Release|Any CPU.Build.0 = Release|Any CPU
		{21A65291-5F17-4F24-AE30-0B6C954330CC}.Release|x64.ActiveCfg = Release|Any CPU
		{21A65291-5F17-4F24-AE30-0B6C954330CC}.Release|x64.Build.0 = Release|Any CPU
		{21A65291-5F17-4F24-AE30-0B6C954330CC}.Release|x86.ActiveCfg = Release|Any CPU
		{21A65291-5F17-4F24-AE30-0B6C954330CC}.Release|x86.Build.0 = Release|Any CPU
		{F8E693C8-63F1-4FF0-9F7B-0F2E60D8BBC5}.Debug|Any CPU.ActiveCfg = Debug|Any CPU
		{F8E693C8-63F1-4FF0-9F7B-0F2E60D8BBC5}.Debug|Any CPU.Build.0 = Debug|Any CPU
		{F8E693C8-63F1-4FF0-9F7B-0F2E60D8BBC5}.Debug|x64.ActiveCfg = Debug|Any CPU
		{F8E693C8-63F1-4FF0-9F7B-0F2E60D8BBC5}.Debug|x64.Build.0 = Debug|Any CPU
		{F8E693C8-63F1-4FF0-9F7B-0F2E60D8BBC5}.Debug|x86.ActiveCfg = Debug|Any CPU
		{F8E693C8-63F1-4FF0-9F7B-0F2E60D8BBC5}.Debug|x86.Build.0 = Debug|Any CPU
		{F8E693C8-63F1-4FF0-9F7B-0F2E60D8BBC5}.Release|Any CPU.ActiveCfg = Release|Any CPU
		{F8E693C8-63F1-4FF0-9F7B-0F2E60D8BBC5}.Release|Any CPU.Build.0 = Release|Any CPU
		{F8E693C8-63F1-4FF0-9F7B-0F2E60D8BBC5}.Release|x64.ActiveCfg = Release|Any CPU
		{F8E693C8-63F1-4FF0-9F7B-0F2E60D8BBC5}.Release|x64.Build.0 = Release|Any CPU
		{F8E693C8-63F1-4FF0-9F7B-0F2E60D8BBC5}.Release|x86.ActiveCfg = Release|Any CPU
		{F8E693C8-63F1-4FF0-9F7B-0F2E60D8BBC5}.Release|x86.Build.0 = Release|Any CPU
		{B985AAC6-5D10-478C-860A-44158286C1AC}.Debug|Any CPU.ActiveCfg = Debug|Any CPU
		{B985AAC6-5D10-478C-860A-44158286C1AC}.Debug|Any CPU.Build.0 = Debug|Any CPU
		{B985AAC6-5D10-478C-860A-44158286C1AC}.Debug|x64.ActiveCfg = Debug|Any CPU
		{B985AAC6-5D10-478C-860A-44158286C1AC}.Debug|x64.Build.0 = Debug|Any CPU
		{B985AAC6-5D10-478C-860A-44158286C1AC}.Debug|x86.ActiveCfg = Debug|Any CPU
		{B985AAC6-5D10-478C-860A-44158286C1AC}.Debug|x86.Build.0 = Debug|Any CPU
		{B985AAC6-5D10-478C-860A-44158286C1AC}.Release|Any CPU.ActiveCfg = Release|Any CPU
		{B985AAC6-5D10-478C-860A-44158286C1AC}.Release|Any CPU.Build.0 = Release|Any CPU
		{B985AAC6-5D10-478C-860A-44158286C1AC}.Release|x64.ActiveCfg = Release|Any CPU
		{B985AAC6-5D10-478C-860A-44158286C1AC}.Release|x64.Build.0 = Release|Any CPU
		{B985AAC6-5D10-478C-860A-44158286C1AC}.Release|x86.ActiveCfg = Release|Any CPU
		{B985AAC6-5D10-478C-860A-44158286C1AC}.Release|x86.Build.0 = Release|Any CPU
		{664D7705-F961-4F1A-942A-352ADD623B4E}.Debug|Any CPU.ActiveCfg = Debug|Any CPU
		{664D7705-F961-4F1A-942A-352ADD623B4E}.Debug|Any CPU.Build.0 = Debug|Any CPU
		{664D7705-F961-4F1A-942A-352ADD623B4E}.Debug|x64.ActiveCfg = Debug|Any CPU
		{664D7705-F961-4F1A-942A-352ADD623B4E}.Debug|x64.Build.0 = Debug|Any CPU
		{664D7705-F961-4F1A-942A-352ADD623B4E}.Debug|x86.ActiveCfg = Debug|Any CPU
		{664D7705-F961-4F1A-942A-352ADD623B4E}.Debug|x86.Build.0 = Debug|Any CPU
		{664D7705-F961-4F1A-942A-352ADD623B4E}.Release|Any CPU.ActiveCfg = Release|Any CPU
		{664D7705-F961-4F1A-942A-352ADD623B4E}.Release|Any CPU.Build.0 = Release|Any CPU
		{664D7705-F961-4F1A-942A-352ADD623B4E}.Release|x64.ActiveCfg = Release|Any CPU
		{664D7705-F961-4F1A-942A-352ADD623B4E}.Release|x64.Build.0 = Release|Any CPU
		{664D7705-F961-4F1A-942A-352ADD623B4E}.Release|x86.ActiveCfg = Release|Any CPU
		{664D7705-F961-4F1A-942A-352ADD623B4E}.Release|x86.Build.0 = Release|Any CPU
		{7865648D-C848-49EB-9DE4-09226D79B1C3}.Debug|Any CPU.ActiveCfg = Debug|Any CPU
		{7865648D-C848-49EB-9DE4-09226D79B1C3}.Debug|Any CPU.Build.0 = Debug|Any CPU
		{7865648D-C848-49EB-9DE4-09226D79B1C3}.Debug|x64.ActiveCfg = Debug|Any CPU
		{7865648D-C848-49EB-9DE4-09226D79B1C3}.Debug|x64.Build.0 = Debug|Any CPU
		{7865648D-C848-49EB-9DE4-09226D79B1C3}.Debug|x86.ActiveCfg = Debug|Any CPU
		{7865648D-C848-49EB-9DE4-09226D79B1C3}.Debug|x86.Build.0 = Debug|Any CPU
		{7865648D-C848-49EB-9DE4-09226D79B1C3}.Release|Any CPU.ActiveCfg = Release|Any CPU
		{7865648D-C848-49EB-9DE4-09226D79B1C3}.Release|Any CPU.Build.0 = Release|Any CPU
		{7865648D-C848-49EB-9DE4-09226D79B1C3}.Release|x64.ActiveCfg = Release|Any CPU
		{7865648D-C848-49EB-9DE4-09226D79B1C3}.Release|x64.Build.0 = Release|Any CPU
		{7865648D-C848-49EB-9DE4-09226D79B1C3}.Release|x86.ActiveCfg = Release|Any CPU
		{7865648D-C848-49EB-9DE4-09226D79B1C3}.Release|x86.Build.0 = Release|Any CPU
		{CF64DC56-1AB4-484B-94C1-020086F10BD4}.Debug|Any CPU.ActiveCfg = Debug|Any CPU
		{CF64DC56-1AB4-484B-94C1-020086F10BD4}.Debug|Any CPU.Build.0 = Debug|Any CPU
		{CF64DC56-1AB4-484B-94C1-020086F10BD4}.Debug|x64.ActiveCfg = Debug|Any CPU
		{CF64DC56-1AB4-484B-94C1-020086F10BD4}.Debug|x64.Build.0 = Debug|Any CPU
		{CF64DC56-1AB4-484B-94C1-020086F10BD4}.Debug|x86.ActiveCfg = Debug|Any CPU
		{CF64DC56-1AB4-484B-94C1-020086F10BD4}.Debug|x86.Build.0 = Debug|Any CPU
		{CF64DC56-1AB4-484B-94C1-020086F10BD4}.Release|Any CPU.ActiveCfg = Release|Any CPU
		{CF64DC56-1AB4-484B-94C1-020086F10BD4}.Release|Any CPU.Build.0 = Release|Any CPU
		{CF64DC56-1AB4-484B-94C1-020086F10BD4}.Release|x64.ActiveCfg = Release|Any CPU
		{CF64DC56-1AB4-484B-94C1-020086F10BD4}.Release|x64.Build.0 = Release|Any CPU
		{CF64DC56-1AB4-484B-94C1-020086F10BD4}.Release|x86.ActiveCfg = Release|Any CPU
		{CF64DC56-1AB4-484B-94C1-020086F10BD4}.Release|x86.Build.0 = Release|Any CPU
		{6547874B-65D8-420A-9488-65B20722217B}.Debug|Any CPU.ActiveCfg = Debug|Any CPU
		{6547874B-65D8-420A-9488-65B20722217B}.Debug|Any CPU.Build.0 = Debug|Any CPU
		{6547874B-65D8-420A-9488-65B20722217B}.Debug|x64.ActiveCfg = Debug|Any CPU
		{6547874B-65D8-420A-9488-65B20722217B}.Debug|x64.Build.0 = Debug|Any CPU
		{6547874B-65D8-420A-9488-65B20722217B}.Debug|x86.ActiveCfg = Debug|Any CPU
		{6547874B-65D8-420A-9488-65B20722217B}.Debug|x86.Build.0 = Debug|Any CPU
		{6547874B-65D8-420A-9488-65B20722217B}.Release|Any CPU.ActiveCfg = Release|Any CPU
		{6547874B-65D8-420A-9488-65B20722217B}.Release|Any CPU.Build.0 = Release|Any CPU
		{6547874B-65D8-420A-9488-65B20722217B}.Release|x64.ActiveCfg = Release|Any CPU
		{6547874B-65D8-420A-9488-65B20722217B}.Release|x64.Build.0 = Release|Any CPU
		{6547874B-65D8-420A-9488-65B20722217B}.Release|x86.ActiveCfg = Release|Any CPU
		{6547874B-65D8-420A-9488-65B20722217B}.Release|x86.Build.0 = Release|Any CPU
		{21582F89-178D-46FA-9145-98932F5656F0}.Debug|Any CPU.ActiveCfg = Debug|Any CPU
		{21582F89-178D-46FA-9145-98932F5656F0}.Debug|Any CPU.Build.0 = Debug|Any CPU
		{21582F89-178D-46FA-9145-98932F5656F0}.Debug|x64.ActiveCfg = Debug|Any CPU
		{21582F89-178D-46FA-9145-98932F5656F0}.Debug|x64.Build.0 = Debug|Any CPU
		{21582F89-178D-46FA-9145-98932F5656F0}.Debug|x86.ActiveCfg = Debug|Any CPU
		{21582F89-178D-46FA-9145-98932F5656F0}.Debug|x86.Build.0 = Debug|Any CPU
		{21582F89-178D-46FA-9145-98932F5656F0}.Release|Any CPU.ActiveCfg = Release|Any CPU
		{21582F89-178D-46FA-9145-98932F5656F0}.Release|Any CPU.Build.0 = Release|Any CPU
		{21582F89-178D-46FA-9145-98932F5656F0}.Release|x64.ActiveCfg = Release|Any CPU
		{21582F89-178D-46FA-9145-98932F5656F0}.Release|x64.Build.0 = Release|Any CPU
		{21582F89-178D-46FA-9145-98932F5656F0}.Release|x86.ActiveCfg = Release|Any CPU
		{21582F89-178D-46FA-9145-98932F5656F0}.Release|x86.Build.0 = Release|Any CPU
		{F800EC19-3BDF-48E4-813D-E62397EA5EFC}.Debug|Any CPU.ActiveCfg = Debug|Any CPU
		{F800EC19-3BDF-48E4-813D-E62397EA5EFC}.Debug|Any CPU.Build.0 = Debug|Any CPU
		{F800EC19-3BDF-48E4-813D-E62397EA5EFC}.Debug|x64.ActiveCfg = Debug|Any CPU
		{F800EC19-3BDF-48E4-813D-E62397EA5EFC}.Debug|x64.Build.0 = Debug|Any CPU
		{F800EC19-3BDF-48E4-813D-E62397EA5EFC}.Debug|x86.ActiveCfg = Debug|Any CPU
		{F800EC19-3BDF-48E4-813D-E62397EA5EFC}.Debug|x86.Build.0 = Debug|Any CPU
		{F800EC19-3BDF-48E4-813D-E62397EA5EFC}.Release|Any CPU.ActiveCfg = Release|Any CPU
		{F800EC19-3BDF-48E4-813D-E62397EA5EFC}.Release|Any CPU.Build.0 = Release|Any CPU
		{F800EC19-3BDF-48E4-813D-E62397EA5EFC}.Release|x64.ActiveCfg = Release|Any CPU
		{F800EC19-3BDF-48E4-813D-E62397EA5EFC}.Release|x64.Build.0 = Release|Any CPU
		{F800EC19-3BDF-48E4-813D-E62397EA5EFC}.Release|x86.ActiveCfg = Release|Any CPU
		{F800EC19-3BDF-48E4-813D-E62397EA5EFC}.Release|x86.Build.0 = Release|Any CPU
		{C9391ACF-7D80-4E8F-98D9-7BE51FA8238C}.Debug|Any CPU.ActiveCfg = Debug|Any CPU
		{C9391ACF-7D80-4E8F-98D9-7BE51FA8238C}.Debug|Any CPU.Build.0 = Debug|Any CPU
		{C9391ACF-7D80-4E8F-98D9-7BE51FA8238C}.Debug|x64.ActiveCfg = Debug|Any CPU
		{C9391ACF-7D80-4E8F-98D9-7BE51FA8238C}.Debug|x64.Build.0 = Debug|Any CPU
		{C9391ACF-7D80-4E8F-98D9-7BE51FA8238C}.Debug|x86.ActiveCfg = Debug|Any CPU
		{C9391ACF-7D80-4E8F-98D9-7BE51FA8238C}.Debug|x86.Build.0 = Debug|Any CPU
		{C9391ACF-7D80-4E8F-98D9-7BE51FA8238C}.Release|Any CPU.ActiveCfg = Release|Any CPU
		{C9391ACF-7D80-4E8F-98D9-7BE51FA8238C}.Release|Any CPU.Build.0 = Release|Any CPU
		{C9391ACF-7D80-4E8F-98D9-7BE51FA8238C}.Release|x64.ActiveCfg = Release|Any CPU
		{C9391ACF-7D80-4E8F-98D9-7BE51FA8238C}.Release|x64.Build.0 = Release|Any CPU
		{C9391ACF-7D80-4E8F-98D9-7BE51FA8238C}.Release|x86.ActiveCfg = Release|Any CPU
		{C9391ACF-7D80-4E8F-98D9-7BE51FA8238C}.Release|x86.Build.0 = Release|Any CPU
		{4CADB9CF-16B3-4806-8703-8FBF9DCBB8F5}.Debug|Any CPU.ActiveCfg = Debug|Any CPU
		{4CADB9CF-16B3-4806-8703-8FBF9DCBB8F5}.Debug|Any CPU.Build.0 = Debug|Any CPU
		{4CADB9CF-16B3-4806-8703-8FBF9DCBB8F5}.Debug|x64.ActiveCfg = Debug|Any CPU
		{4CADB9CF-16B3-4806-8703-8FBF9DCBB8F5}.Debug|x64.Build.0 = Debug|Any CPU
		{4CADB9CF-16B3-4806-8703-8FBF9DCBB8F5}.Debug|x86.ActiveCfg = Debug|Any CPU
		{4CADB9CF-16B3-4806-8703-8FBF9DCBB8F5}.Debug|x86.Build.0 = Debug|Any CPU
		{4CADB9CF-16B3-4806-8703-8FBF9DCBB8F5}.Release|Any CPU.ActiveCfg = Release|Any CPU
		{4CADB9CF-16B3-4806-8703-8FBF9DCBB8F5}.Release|Any CPU.Build.0 = Release|Any CPU
		{4CADB9CF-16B3-4806-8703-8FBF9DCBB8F5}.Release|x64.ActiveCfg = Release|Any CPU
		{4CADB9CF-16B3-4806-8703-8FBF9DCBB8F5}.Release|x64.Build.0 = Release|Any CPU
		{4CADB9CF-16B3-4806-8703-8FBF9DCBB8F5}.Release|x86.ActiveCfg = Release|Any CPU
		{4CADB9CF-16B3-4806-8703-8FBF9DCBB8F5}.Release|x86.Build.0 = Release|Any CPU
		{5CB1B401-2A8D-429F-B781-91A93F9DED4F}.Debug|Any CPU.ActiveCfg = Debug|Any CPU
		{5CB1B401-2A8D-429F-B781-91A93F9DED4F}.Debug|Any CPU.Build.0 = Debug|Any CPU
		{5CB1B401-2A8D-429F-B781-91A93F9DED4F}.Debug|x64.ActiveCfg = Debug|Any CPU
		{5CB1B401-2A8D-429F-B781-91A93F9DED4F}.Debug|x64.Build.0 = Debug|Any CPU
		{5CB1B401-2A8D-429F-B781-91A93F9DED4F}.Debug|x86.ActiveCfg = Debug|Any CPU
		{5CB1B401-2A8D-429F-B781-91A93F9DED4F}.Debug|x86.Build.0 = Debug|Any CPU
		{5CB1B401-2A8D-429F-B781-91A93F9DED4F}.Release|Any CPU.ActiveCfg = Release|Any CPU
		{5CB1B401-2A8D-429F-B781-91A93F9DED4F}.Release|Any CPU.Build.0 = Release|Any CPU
		{5CB1B401-2A8D-429F-B781-91A93F9DED4F}.Release|x64.ActiveCfg = Release|Any CPU
		{5CB1B401-2A8D-429F-B781-91A93F9DED4F}.Release|x64.Build.0 = Release|Any CPU
		{5CB1B401-2A8D-429F-B781-91A93F9DED4F}.Release|x86.ActiveCfg = Release|Any CPU
		{5CB1B401-2A8D-429F-B781-91A93F9DED4F}.Release|x86.Build.0 = Release|Any CPU
	EndGlobalSection
EndGlobal
